// !$*UTF8*$!
{
	archiveVersion = 1;
	classes = {
	};
	objectVersion = 46;
	objects = {

/* Begin PBXBuildFile section */
		E13D21451B4C06D1006D7EEB /* main.mm in Sources */ = {isa = PBXBuildFile; fileRef = E13D21441B4C06D1006D7EEB /* main.mm */; };
		E13D21481B4C06D1006D7EEB /* AppDelegate.mm in Sources */ = {isa = PBXBuildFile; fileRef = E13D21471B4C06D1006D7EEB /* AppDelegate.mm */; };
		E13D214B1B4C06D1006D7EEB /* ViewController.mm in Sources */ = {isa = PBXBuildFile; fileRef = E13D214A1B4C06D1006D7EEB /* ViewController.mm */; };
		E13D214E1B4C06D1006D7EEB /* Main.storyboard in Resources */ = {isa = PBXBuildFile; fileRef = E13D214C1B4C06D1006D7EEB /* Main.storyboard */; };
		E13D21501B4C06D1006D7EEB /* Images.xcassets in Resources */ = {isa = PBXBuildFile; fileRef = E13D214F1B4C06D1006D7EEB /* Images.xcassets */; };
		E13D21531B4C06D1006D7EEB /* LaunchScreen.xib in Resources */ = {isa = PBXBuildFile; fileRef = E13D21511B4C06D1006D7EEB /* LaunchScreen.xib */; };
		E13D215F1B4C06D1006D7EEB /* eyes2driveTests.mm in Sources */ = {isa = PBXBuildFile; fileRef = E13D215E1B4C06D1006D7EEB /* eyes2driveTests.mm */; };
		E13D21691B4C07ED006D7EEB /* libstdc++.dylib in Frameworks */ = {isa = PBXBuildFile; fileRef = E13D21681B4C07ED006D7EEB /* libstdc++.dylib */; };
		E13D217D1B4CA320006D7EEB /* Accelerate.framework in Frameworks */ = {isa = PBXBuildFile; fileRef = E13D21731B4CA320006D7EEB /* Accelerate.framework */; };
		E13D217E1B4CA320006D7EEB /* AssetsLibrary.framework in Frameworks */ = {isa = PBXBuildFile; fileRef = E13D21741B4CA320006D7EEB /* AssetsLibrary.framework */; };
		E13D217F1B4CA320006D7EEB /* AVFoundation.framework in Frameworks */ = {isa = PBXBuildFile; fileRef = E13D21751B4CA320006D7EEB /* AVFoundation.framework */; };
		E13D21801B4CA320006D7EEB /* CoreGraphics.framework in Frameworks */ = {isa = PBXBuildFile; fileRef = E13D21761B4CA320006D7EEB /* CoreGraphics.framework */; };
		E13D21811B4CA320006D7EEB /* CoreImage.framework in Frameworks */ = {isa = PBXBuildFile; fileRef = E13D21771B4CA320006D7EEB /* CoreImage.framework */; };
		E13D21821B4CA320006D7EEB /* CoreMedia.framework in Frameworks */ = {isa = PBXBuildFile; fileRef = E13D21781B4CA320006D7EEB /* CoreMedia.framework */; };
		E13D21831B4CA320006D7EEB /* CoreVideo.framework in Frameworks */ = {isa = PBXBuildFile; fileRef = E13D21791B4CA320006D7EEB /* CoreVideo.framework */; };
		E13D21841B4CA320006D7EEB /* Foundation.framework in Frameworks */ = {isa = PBXBuildFile; fileRef = E13D217A1B4CA320006D7EEB /* Foundation.framework */; };
		E13D21851B4CA320006D7EEB /* QuartzCore.framework in Frameworks */ = {isa = PBXBuildFile; fileRef = E13D217B1B4CA320006D7EEB /* QuartzCore.framework */; };
		E13D21861B4CA320006D7EEB /* UIKit.framework in Frameworks */ = {isa = PBXBuildFile; fileRef = E13D217C1B4CA320006D7EEB /* UIKit.framework */; };
		E13D21951B4CBF96006D7EEB /* opencv2.framework in Frameworks */ = {isa = PBXBuildFile; fileRef = E13D21941B4CBF96006D7EEB /* opencv2.framework */; };
		E13D21A31B4CDDEA006D7EEB /* InterfaceController.m in Sources */ = {isa = PBXBuildFile; fileRef = E13D21A21B4CDDEA006D7EEB /* InterfaceController.m */; };
		E13D21A61B4CDDEA006D7EEB /* NotificationController.m in Sources */ = {isa = PBXBuildFile; fileRef = E13D21A51B4CDDEA006D7EEB /* NotificationController.m */; };
		E13D21A81B4CDDEA006D7EEB /* Images.xcassets in Resources */ = {isa = PBXBuildFile; fileRef = E13D21A71B4CDDEA006D7EEB /* Images.xcassets */; };
		E13D21AC1B4CDDEB006D7EEB /* eyes2drive WatchKit App.app in Resources */ = {isa = PBXBuildFile; fileRef = E13D21AB1B4CDDEA006D7EEB /* eyes2drive WatchKit App.app */; };
		E13D21B41B4CDDEB006D7EEB /* Interface.storyboard in Resources */ = {isa = PBXBuildFile; fileRef = E13D21B21B4CDDEB006D7EEB /* Interface.storyboard */; };
		E13D21B61B4CDDEB006D7EEB /* Images.xcassets in Resources */ = {isa = PBXBuildFile; fileRef = E13D21B51B4CDDEB006D7EEB /* Images.xcassets */; };
		E13D21BA1B4CDDEB006D7EEB /* eyes2drive WatchKit Extension.appex in Embed App Extensions */ = {isa = PBXBuildFile; fileRef = E13D219C1B4CDDEA006D7EEB /* eyes2drive WatchKit Extension.appex */; settings = {ATTRIBUTES = (RemoveHeadersOnCopy, ); }; };
/* End PBXBuildFile section */

/* Begin PBXContainerItemProxy section */
		E13D21591B4C06D1006D7EEB /* PBXContainerItemProxy */ = {
			isa = PBXContainerItemProxy;
			containerPortal = E13D21371B4C06D1006D7EEB /* Project object */;
			proxyType = 1;
			remoteGlobalIDString = E13D213E1B4C06D1006D7EEB;
			remoteInfo = eyes2drive;
		};
		E13D21AD1B4CDDEB006D7EEB /* PBXContainerItemProxy */ = {
			isa = PBXContainerItemProxy;
			containerPortal = E13D21371B4C06D1006D7EEB /* Project object */;
			proxyType = 1;
			remoteGlobalIDString = E13D21AA1B4CDDEA006D7EEB;
			remoteInfo = "eyes2drive WatchKit App";
		};
		E13D21B71B4CDDEB006D7EEB /* PBXContainerItemProxy */ = {
			isa = PBXContainerItemProxy;
			containerPortal = E13D21371B4C06D1006D7EEB /* Project object */;
			proxyType = 1;
			remoteGlobalIDString = E13D219B1B4CDDEA006D7EEB;
			remoteInfo = "eyes2drive WatchKit Extension";
		};
/* End PBXContainerItemProxy section */

/* Begin PBXCopyFilesBuildPhase section */
		E13D21B91B4CDDEB006D7EEB /* Embed App Extensions */ = {
			isa = PBXCopyFilesBuildPhase;
			buildActionMask = 2147483647;
			dstPath = "";
			dstSubfolderSpec = 13;
			files = (
				E13D21BA1B4CDDEB006D7EEB /* eyes2drive WatchKit Extension.appex in Embed App Extensions */,
			);
			name = "Embed App Extensions";
			runOnlyForDeploymentPostprocessing = 0;
		};
/* End PBXCopyFilesBuildPhase section */

/* Begin PBXFileReference section */
		E13D213F1B4C06D1006D7EEB /* eyes2drive.app */ = {isa = PBXFileReference; explicitFileType = wrapper.application; includeInIndex = 0; path = eyes2drive.app; sourceTree = BUILT_PRODUCTS_DIR; };
		E13D21431B4C06D1006D7EEB /* Info.plist */ = {isa = PBXFileReference; lastKnownFileType = text.plist.xml; path = Info.plist; sourceTree = "<group>"; };
		E13D21441B4C06D1006D7EEB /* main.mm */ = {isa = PBXFileReference; lastKnownFileType = sourcecode.cpp.objcpp; path = main.mm; sourceTree = "<group>"; };
		E13D21461B4C06D1006D7EEB /* AppDelegate.h */ = {isa = PBXFileReference; lastKnownFileType = sourcecode.c.h; path = AppDelegate.h; sourceTree = "<group>"; };
		E13D21471B4C06D1006D7EEB /* AppDelegate.mm */ = {isa = PBXFileReference; lastKnownFileType = sourcecode.cpp.objcpp; path = AppDelegate.mm; sourceTree = "<group>"; };
		E13D21491B4C06D1006D7EEB /* ViewController.h */ = {isa = PBXFileReference; lastKnownFileType = sourcecode.c.h; path = ViewController.h; sourceTree = "<group>"; };
		E13D214A1B4C06D1006D7EEB /* ViewController.mm */ = {isa = PBXFileReference; lastKnownFileType = sourcecode.cpp.objcpp; path = ViewController.mm; sourceTree = "<group>"; };
		E13D214D1B4C06D1006D7EEB /* Base */ = {isa = PBXFileReference; lastKnownFileType = file.storyboard; name = Base; path = Base.lproj/Main.storyboard; sourceTree = "<group>"; };
		E13D214F1B4C06D1006D7EEB /* Images.xcassets */ = {isa = PBXFileReference; lastKnownFileType = folder.assetcatalog; path = Images.xcassets; sourceTree = "<group>"; };
		E13D21521B4C06D1006D7EEB /* Base */ = {isa = PBXFileReference; lastKnownFileType = file.xib; name = Base; path = Base.lproj/LaunchScreen.xib; sourceTree = "<group>"; };
		E13D21581B4C06D1006D7EEB /* eyes2driveTests.xctest */ = {isa = PBXFileReference; explicitFileType = wrapper.cfbundle; includeInIndex = 0; path = eyes2driveTests.xctest; sourceTree = BUILT_PRODUCTS_DIR; };
		E13D215D1B4C06D1006D7EEB /* Info.plist */ = {isa = PBXFileReference; lastKnownFileType = text.plist.xml; path = Info.plist; sourceTree = "<group>"; };
		E13D215E1B4C06D1006D7EEB /* eyes2driveTests.mm */ = {isa = PBXFileReference; lastKnownFileType = sourcecode.cpp.objcpp; path = eyes2driveTests.mm; sourceTree = "<group>"; };
		E13D21681B4C07ED006D7EEB /* libstdc++.dylib */ = {isa = PBXFileReference; lastKnownFileType = "compiled.mach-o.dylib"; name = "libstdc++.dylib"; path = "usr/lib/libstdc++.dylib"; sourceTree = SDKROOT; };
		E13D216C1B4C0948006D7EEB /* eyes2drive_Prefix.pch */ = {isa = PBXFileReference; fileEncoding = 4; lastKnownFileType = sourcecode.c.h; path = eyes2drive_Prefix.pch; sourceTree = "<group>"; };
		E13D21731B4CA320006D7EEB /* Accelerate.framework */ = {isa = PBXFileReference; lastKnownFileType = wrapper.framework; name = Accelerate.framework; path = System/Library/Frameworks/Accelerate.framework; sourceTree = SDKROOT; };
		E13D21741B4CA320006D7EEB /* AssetsLibrary.framework */ = {isa = PBXFileReference; lastKnownFileType = wrapper.framework; name = AssetsLibrary.framework; path = System/Library/Frameworks/AssetsLibrary.framework; sourceTree = SDKROOT; };
		E13D21751B4CA320006D7EEB /* AVFoundation.framework */ = {isa = PBXFileReference; lastKnownFileType = wrapper.framework; name = AVFoundation.framework; path = System/Library/Frameworks/AVFoundation.framework; sourceTree = SDKROOT; };
		E13D21761B4CA320006D7EEB /* CoreGraphics.framework */ = {isa = PBXFileReference; lastKnownFileType = wrapper.framework; name = CoreGraphics.framework; path = System/Library/Frameworks/CoreGraphics.framework; sourceTree = SDKROOT; };
		E13D21771B4CA320006D7EEB /* CoreImage.framework */ = {isa = PBXFileReference; lastKnownFileType = wrapper.framework; name = CoreImage.framework; path = System/Library/Frameworks/CoreImage.framework; sourceTree = SDKROOT; };
		E13D21781B4CA320006D7EEB /* CoreMedia.framework */ = {isa = PBXFileReference; lastKnownFileType = wrapper.framework; name = CoreMedia.framework; path = System/Library/Frameworks/CoreMedia.framework; sourceTree = SDKROOT; };
		E13D21791B4CA320006D7EEB /* CoreVideo.framework */ = {isa = PBXFileReference; lastKnownFileType = wrapper.framework; name = CoreVideo.framework; path = System/Library/Frameworks/CoreVideo.framework; sourceTree = SDKROOT; };
		E13D217A1B4CA320006D7EEB /* Foundation.framework */ = {isa = PBXFileReference; lastKnownFileType = wrapper.framework; name = Foundation.framework; path = System/Library/Frameworks/Foundation.framework; sourceTree = SDKROOT; };
		E13D217B1B4CA320006D7EEB /* QuartzCore.framework */ = {isa = PBXFileReference; lastKnownFileType = wrapper.framework; name = QuartzCore.framework; path = System/Library/Frameworks/QuartzCore.framework; sourceTree = SDKROOT; };
		E13D217C1B4CA320006D7EEB /* UIKit.framework */ = {isa = PBXFileReference; lastKnownFileType = wrapper.framework; name = UIKit.framework; path = System/Library/Frameworks/UIKit.framework; sourceTree = SDKROOT; };
		E13D21941B4CBF96006D7EEB /* opencv2.framework */ = {isa = PBXFileReference; lastKnownFileType = file; name = opencv2.framework; path = ../opencv2.framework; sourceTree = "<group>"; };
		E13D219C1B4CDDEA006D7EEB /* eyes2drive WatchKit Extension.appex */ = {isa = PBXFileReference; explicitFileType = "wrapper.app-extension"; includeInIndex = 0; path = "eyes2drive WatchKit Extension.appex"; sourceTree = BUILT_PRODUCTS_DIR; };
		E13D219F1B4CDDEA006D7EEB /* Info.plist */ = {isa = PBXFileReference; lastKnownFileType = text.plist.xml; path = Info.plist; sourceTree = "<group>"; };
		E13D21A01B4CDDEA006D7EEB /* PushNotificationPayload.apns */ = {isa = PBXFileReference; lastKnownFileType = text; path = PushNotificationPayload.apns; sourceTree = "<group>"; };
		E13D21A11B4CDDEA006D7EEB /* InterfaceController.h */ = {isa = PBXFileReference; lastKnownFileType = sourcecode.c.h; path = InterfaceController.h; sourceTree = "<group>"; };
		E13D21A21B4CDDEA006D7EEB /* InterfaceController.m */ = {isa = PBXFileReference; lastKnownFileType = sourcecode.c.objc; path = InterfaceController.m; sourceTree = "<group>"; };
		E13D21A41B4CDDEA006D7EEB /* NotificationController.h */ = {isa = PBXFileReference; lastKnownFileType = sourcecode.c.h; path = NotificationController.h; sourceTree = "<group>"; };
		E13D21A51B4CDDEA006D7EEB /* NotificationController.m */ = {isa = PBXFileReference; lastKnownFileType = sourcecode.c.objc; path = NotificationController.m; sourceTree = "<group>"; };
		E13D21A71B4CDDEA006D7EEB /* Images.xcassets */ = {isa = PBXFileReference; lastKnownFileType = folder.assetcatalog; path = Images.xcassets; sourceTree = "<group>"; };
		E13D21AB1B4CDDEA006D7EEB /* eyes2drive WatchKit App.app */ = {isa = PBXFileReference; explicitFileType = wrapper.application; includeInIndex = 0; path = "eyes2drive WatchKit App.app"; sourceTree = BUILT_PRODUCTS_DIR; };
		E13D21B11B4CDDEB006D7EEB /* Info.plist */ = {isa = PBXFileReference; lastKnownFileType = text.plist.xml; path = Info.plist; sourceTree = "<group>"; };
		E13D21B31B4CDDEB006D7EEB /* Base */ = {isa = PBXFileReference; lastKnownFileType = file.storyboard; name = Base; path = Base.lproj/Interface.storyboard; sourceTree = "<group>"; };
		E13D21B51B4CDDEB006D7EEB /* Images.xcassets */ = {isa = PBXFileReference; lastKnownFileType = folder.assetcatalog; path = Images.xcassets; sourceTree = "<group>"; };
/* End PBXFileReference section */

/* Begin PBXFrameworksBuildPhase section */
		E13D213C1B4C06D1006D7EEB /* Frameworks */ = {
			isa = PBXFrameworksBuildPhase;
			buildActionMask = 2147483647;
			files = (
				E13D217D1B4CA320006D7EEB /* Accelerate.framework in Frameworks */,
				E13D217E1B4CA320006D7EEB /* AssetsLibrary.framework in Frameworks */,
				E13D217F1B4CA320006D7EEB /* AVFoundation.framework in Frameworks */,
				E13D21801B4CA320006D7EEB /* CoreGraphics.framework in Frameworks */,
				E13D21811B4CA320006D7EEB /* CoreImage.framework in Frameworks */,
				E13D21821B4CA320006D7EEB /* CoreMedia.framework in Frameworks */,
				E13D21831B4CA320006D7EEB /* CoreVideo.framework in Frameworks */,
				E13D21841B4CA320006D7EEB /* Foundation.framework in Frameworks */,
				E13D21851B4CA320006D7EEB /* QuartzCore.framework in Frameworks */,
				E13D21861B4CA320006D7EEB /* UIKit.framework in Frameworks */,
				E13D21951B4CBF96006D7EEB /* opencv2.framework in Frameworks */,
				E13D21691B4C07ED006D7EEB /* libstdc++.dylib in Frameworks */,
			);
			runOnlyForDeploymentPostprocessing = 0;
		};
		E13D21551B4C06D1006D7EEB /* Frameworks */ = {
			isa = PBXFrameworksBuildPhase;
			buildActionMask = 2147483647;
			files = (
			);
			runOnlyForDeploymentPostprocessing = 0;
		};
		E13D21991B4CDDEA006D7EEB /* Frameworks */ = {
			isa = PBXFrameworksBuildPhase;
			buildActionMask = 2147483647;
			files = (
			);
			runOnlyForDeploymentPostprocessing = 0;
		};
/* End PBXFrameworksBuildPhase section */

/* Begin PBXGroup section */
		E13D21361B4C06D1006D7EEB = {
			isa = PBXGroup;
			children = (
				E13D219D1B4CDDEA006D7EEB /* eyes2drive WatchKit Extension */,
				E13D21AF1B4CDDEB006D7EEB /* eyes2drive WatchKit App */,
				E13D21971B4CC005006D7EEB /* Frameworks */,
				E13D21411B4C06D1006D7EEB /* eyes2drive */,
				E13D215B1B4C06D1006D7EEB /* eyes2driveTests */,
				E13D21401B4C06D1006D7EEB /* Products */,
			);
			sourceTree = "<group>";
		};
		E13D21401B4C06D1006D7EEB /* Products */ = {
			isa = PBXGroup;
			children = (
				E13D213F1B4C06D1006D7EEB /* eyes2drive.app */,
				E13D21581B4C06D1006D7EEB /* eyes2driveTests.xctest */,
				E13D219C1B4CDDEA006D7EEB /* eyes2drive WatchKit Extension.appex */,
				E13D21AB1B4CDDEA006D7EEB /* eyes2drive WatchKit App.app */,
			);
			name = Products;
			sourceTree = "<group>";
		};
		E13D21411B4C06D1006D7EEB /* eyes2drive */ = {
			isa = PBXGroup;
			children = (
				E13D21461B4C06D1006D7EEB /* AppDelegate.h */,
				E13D21471B4C06D1006D7EEB /* AppDelegate.mm */,
				E13D21491B4C06D1006D7EEB /* ViewController.h */,
				E13D214A1B4C06D1006D7EEB /* ViewController.mm */,
				E13D214C1B4C06D1006D7EEB /* Main.storyboard */,
				E13D214F1B4C06D1006D7EEB /* Images.xcassets */,
				E13D21511B4C06D1006D7EEB /* LaunchScreen.xib */,
				E13D21421B4C06D1006D7EEB /* Supporting Files */,
			);
			path = eyes2drive;
			sourceTree = "<group>";
		};
		E13D21421B4C06D1006D7EEB /* Supporting Files */ = {
			isa = PBXGroup;
			children = (
				E13D21431B4C06D1006D7EEB /* Info.plist */,
				E13D21441B4C06D1006D7EEB /* main.mm */,
				E13D216C1B4C0948006D7EEB /* eyes2drive_Prefix.pch */,
			);
			name = "Supporting Files";
			sourceTree = "<group>";
		};
		E13D215B1B4C06D1006D7EEB /* eyes2driveTests */ = {
			isa = PBXGroup;
			children = (
				E13D215E1B4C06D1006D7EEB /* eyes2driveTests.mm */,
				E13D215C1B4C06D1006D7EEB /* Supporting Files */,
			);
			path = eyes2driveTests;
			sourceTree = "<group>";
		};
		E13D215C1B4C06D1006D7EEB /* Supporting Files */ = {
			isa = PBXGroup;
			children = (
				E13D215D1B4C06D1006D7EEB /* Info.plist */,
			);
			name = "Supporting Files";
			sourceTree = "<group>";
		};
		E13D21971B4CC005006D7EEB /* Frameworks */ = {
			isa = PBXGroup;
			children = (
				E13D21731B4CA320006D7EEB /* Accelerate.framework */,
				E13D21741B4CA320006D7EEB /* AssetsLibrary.framework */,
				E13D21751B4CA320006D7EEB /* AVFoundation.framework */,
				E13D21761B4CA320006D7EEB /* CoreGraphics.framework */,
				E13D21771B4CA320006D7EEB /* CoreImage.framework */,
				E13D21781B4CA320006D7EEB /* CoreMedia.framework */,
				E13D21791B4CA320006D7EEB /* CoreVideo.framework */,
				E13D217A1B4CA320006D7EEB /* Foundation.framework */,
				E13D217B1B4CA320006D7EEB /* QuartzCore.framework */,
				E13D217C1B4CA320006D7EEB /* UIKit.framework */,
				E13D21681B4C07ED006D7EEB /* libstdc++.dylib */,
				E13D21941B4CBF96006D7EEB /* opencv2.framework */,
			);
			name = Frameworks;
			sourceTree = "<group>";
		};
		E13D219D1B4CDDEA006D7EEB /* eyes2drive WatchKit Extension */ = {
			isa = PBXGroup;
			children = (
				E13D21A11B4CDDEA006D7EEB /* InterfaceController.h */,
				E13D21A21B4CDDEA006D7EEB /* InterfaceController.m */,
				E13D21A41B4CDDEA006D7EEB /* NotificationController.h */,
				E13D21A51B4CDDEA006D7EEB /* NotificationController.m */,
				E13D21A71B4CDDEA006D7EEB /* Images.xcassets */,
				E13D219E1B4CDDEA006D7EEB /* Supporting Files */,
			);
			path = "eyes2drive WatchKit Extension";
			sourceTree = "<group>";
		};
		E13D219E1B4CDDEA006D7EEB /* Supporting Files */ = {
			isa = PBXGroup;
			children = (
				E13D219F1B4CDDEA006D7EEB /* Info.plist */,
				E13D21A01B4CDDEA006D7EEB /* PushNotificationPayload.apns */,
			);
			name = "Supporting Files";
			sourceTree = "<group>";
		};
		E13D21AF1B4CDDEB006D7EEB /* eyes2drive WatchKit App */ = {
			isa = PBXGroup;
			children = (
				E13D21B21B4CDDEB006D7EEB /* Interface.storyboard */,
				E13D21B51B4CDDEB006D7EEB /* Images.xcassets */,
				E13D21B01B4CDDEB006D7EEB /* Supporting Files */,
			);
			path = "eyes2drive WatchKit App";
			sourceTree = "<group>";
		};
		E13D21B01B4CDDEB006D7EEB /* Supporting Files */ = {
			isa = PBXGroup;
			children = (
				E13D21B11B4CDDEB006D7EEB /* Info.plist */,
			);
			name = "Supporting Files";
			sourceTree = "<group>";
		};
/* End PBXGroup section */

/* Begin PBXNativeTarget section */
		E13D213E1B4C06D1006D7EEB /* eyes2drive */ = {
			isa = PBXNativeTarget;
			buildConfigurationList = E13D21621B4C06D1006D7EEB /* Build configuration list for PBXNativeTarget "eyes2drive" */;
			buildPhases = (
				E13D213B1B4C06D1006D7EEB /* Sources */,
				E13D213C1B4C06D1006D7EEB /* Frameworks */,
				E13D213D1B4C06D1006D7EEB /* Resources */,
				E13D21B91B4CDDEB006D7EEB /* Embed App Extensions */,
			);
			buildRules = (
			);
			dependencies = (
				E13D21B81B4CDDEB006D7EEB /* PBXTargetDependency */,
			);
			name = eyes2drive;
			productName = eyes2drive;
			productReference = E13D213F1B4C06D1006D7EEB /* eyes2drive.app */;
			productType = "com.apple.product-type.application";
		};
		E13D21571B4C06D1006D7EEB /* eyes2driveTests */ = {
			isa = PBXNativeTarget;
			buildConfigurationList = E13D21651B4C06D1006D7EEB /* Build configuration list for PBXNativeTarget "eyes2driveTests" */;
			buildPhases = (
				E13D21541B4C06D1006D7EEB /* Sources */,
				E13D21551B4C06D1006D7EEB /* Frameworks */,
				E13D21561B4C06D1006D7EEB /* Resources */,
			);
			buildRules = (
			);
			dependencies = (
				E13D215A1B4C06D1006D7EEB /* PBXTargetDependency */,
			);
			name = eyes2driveTests;
			productName = eyes2driveTests;
			productReference = E13D21581B4C06D1006D7EEB /* eyes2driveTests.xctest */;
			productType = "com.apple.product-type.bundle.unit-test";
		};
		E13D219B1B4CDDEA006D7EEB /* eyes2drive WatchKit Extension */ = {
			isa = PBXNativeTarget;
			buildConfigurationList = E13D21BE1B4CDDEB006D7EEB /* Build configuration list for PBXNativeTarget "eyes2drive WatchKit Extension" */;
			buildPhases = (
				E13D21981B4CDDEA006D7EEB /* Sources */,
				E13D21991B4CDDEA006D7EEB /* Frameworks */,
				E13D219A1B4CDDEA006D7EEB /* Resources */,
			);
			buildRules = (
			);
			dependencies = (
				E13D21AE1B4CDDEB006D7EEB /* PBXTargetDependency */,
			);
			name = "eyes2drive WatchKit Extension";
			productName = "eyes2drive WatchKit Extension";
			productReference = E13D219C1B4CDDEA006D7EEB /* eyes2drive WatchKit Extension.appex */;
			productType = "com.apple.product-type.watchkit-extension";
		};
		E13D21AA1B4CDDEA006D7EEB /* eyes2drive WatchKit App */ = {
			isa = PBXNativeTarget;
			buildConfigurationList = E13D21BB1B4CDDEB006D7EEB /* Build configuration list for PBXNativeTarget "eyes2drive WatchKit App" */;
			buildPhases = (
				E13D21A91B4CDDEA006D7EEB /* Resources */,
			);
			buildRules = (
			);
			dependencies = (
			);
			name = "eyes2drive WatchKit App";
			productName = "eyes2drive WatchKit App";
			productReference = E13D21AB1B4CDDEA006D7EEB /* eyes2drive WatchKit App.app */;
			productType = "com.apple.product-type.application.watchapp";
		};
/* End PBXNativeTarget section */

/* Begin PBXProject section */
		E13D21371B4C06D1006D7EEB /* Project object */ = {
			isa = PBXProject;
			attributes = {
				LastUpgradeCheck = 0640;
				ORGANIZATIONNAME = Focusdays2015;
				TargetAttributes = {
					E13D213E1B4C06D1006D7EEB = {
						CreatedOnToolsVersion = 6.4;
						DevelopmentTeam = W3U24WE3R3;
					};
					E13D21571B4C06D1006D7EEB = {
						CreatedOnToolsVersion = 6.4;
						TestTargetID = E13D213E1B4C06D1006D7EEB;
					};
					E13D219B1B4CDDEA006D7EEB = {
						CreatedOnToolsVersion = 6.4;
						DevelopmentTeam = W3U24WE3R3;
					};
					E13D21AA1B4CDDEA006D7EEB = {
						CreatedOnToolsVersion = 6.4;
					};
				};
			};
			buildConfigurationList = E13D213A1B4C06D1006D7EEB /* Build configuration list for PBXProject "eyes2drive" */;
			compatibilityVersion = "Xcode 3.2";
			developmentRegion = English;
			hasScannedForEncodings = 0;
			knownRegions = (
				en,
				Base,
			);
			mainGroup = E13D21361B4C06D1006D7EEB;
			productRefGroup = E13D21401B4C06D1006D7EEB /* Products */;
			projectDirPath = "";
			projectRoot = "";
			targets = (
				E13D213E1B4C06D1006D7EEB /* eyes2drive */,
				E13D21571B4C06D1006D7EEB /* eyes2driveTests */,
				E13D219B1B4CDDEA006D7EEB /* eyes2drive WatchKit Extension */,
				E13D21AA1B4CDDEA006D7EEB /* eyes2drive WatchKit App */,
			);
		};
/* End PBXProject section */

/* Begin PBXResourcesBuildPhase section */
		E13D213D1B4C06D1006D7EEB /* Resources */ = {
			isa = PBXResourcesBuildPhase;
			buildActionMask = 2147483647;
			files = (
				E13D214E1B4C06D1006D7EEB /* Main.storyboard in Resources */,
				E13D21531B4C06D1006D7EEB /* LaunchScreen.xib in Resources */,
				E13D21501B4C06D1006D7EEB /* Images.xcassets in Resources */,
			);
			runOnlyForDeploymentPostprocessing = 0;
		};
		E13D21561B4C06D1006D7EEB /* Resources */ = {
			isa = PBXResourcesBuildPhase;
			buildActionMask = 2147483647;
			files = (
			);
			runOnlyForDeploymentPostprocessing = 0;
		};
		E13D219A1B4CDDEA006D7EEB /* Resources */ = {
			isa = PBXResourcesBuildPhase;
			buildActionMask = 2147483647;
			files = (
				E13D21AC1B4CDDEB006D7EEB /* eyes2drive WatchKit App.app in Resources */,
				E13D21A81B4CDDEA006D7EEB /* Images.xcassets in Resources */,
			);
			runOnlyForDeploymentPostprocessing = 0;
		};
		E13D21A91B4CDDEA006D7EEB /* Resources */ = {
			isa = PBXResourcesBuildPhase;
			buildActionMask = 2147483647;
			files = (
				E13D21B41B4CDDEB006D7EEB /* Interface.storyboard in Resources */,
				E13D21B61B4CDDEB006D7EEB /* Images.xcassets in Resources */,
			);
			runOnlyForDeploymentPostprocessing = 0;
		};
/* End PBXResourcesBuildPhase section */

/* Begin PBXSourcesBuildPhase section */
		E13D213B1B4C06D1006D7EEB /* Sources */ = {
			isa = PBXSourcesBuildPhase;
			buildActionMask = 2147483647;
			files = (
				E13D214B1B4C06D1006D7EEB /* ViewController.mm in Sources */,
				E13D21481B4C06D1006D7EEB /* AppDelegate.mm in Sources */,
				E13D21451B4C06D1006D7EEB /* main.mm in Sources */,
			);
			runOnlyForDeploymentPostprocessing = 0;
		};
		E13D21541B4C06D1006D7EEB /* Sources */ = {
			isa = PBXSourcesBuildPhase;
			buildActionMask = 2147483647;
			files = (
				E13D215F1B4C06D1006D7EEB /* eyes2driveTests.mm in Sources */,
			);
			runOnlyForDeploymentPostprocessing = 0;
		};
		E13D21981B4CDDEA006D7EEB /* Sources */ = {
			isa = PBXSourcesBuildPhase;
			buildActionMask = 2147483647;
			files = (
				E13D21A61B4CDDEA006D7EEB /* NotificationController.m in Sources */,
				E13D21A31B4CDDEA006D7EEB /* InterfaceController.m in Sources */,
			);
			runOnlyForDeploymentPostprocessing = 0;
		};
/* End PBXSourcesBuildPhase section */

/* Begin PBXTargetDependency section */
		E13D215A1B4C06D1006D7EEB /* PBXTargetDependency */ = {
			isa = PBXTargetDependency;
			target = E13D213E1B4C06D1006D7EEB /* eyes2drive */;
			targetProxy = E13D21591B4C06D1006D7EEB /* PBXContainerItemProxy */;
		};
		E13D21AE1B4CDDEB006D7EEB /* PBXTargetDependency */ = {
			isa = PBXTargetDependency;
			target = E13D21AA1B4CDDEA006D7EEB /* eyes2drive WatchKit App */;
			targetProxy = E13D21AD1B4CDDEB006D7EEB /* PBXContainerItemProxy */;
		};
		E13D21B81B4CDDEB006D7EEB /* PBXTargetDependency */ = {
			isa = PBXTargetDependency;
			target = E13D219B1B4CDDEA006D7EEB /* eyes2drive WatchKit Extension */;
			targetProxy = E13D21B71B4CDDEB006D7EEB /* PBXContainerItemProxy */;
		};
/* End PBXTargetDependency section */

/* Begin PBXVariantGroup section */
		E13D214C1B4C06D1006D7EEB /* Main.storyboard */ = {
			isa = PBXVariantGroup;
			children = (
				E13D214D1B4C06D1006D7EEB /* Base */,
			);
			name = Main.storyboard;
			sourceTree = "<group>";
		};
		E13D21511B4C06D1006D7EEB /* LaunchScreen.xib */ = {
			isa = PBXVariantGroup;
			children = (
				E13D21521B4C06D1006D7EEB /* Base */,
			);
			name = LaunchScreen.xib;
			sourceTree = "<group>";
		};
		E13D21B21B4CDDEB006D7EEB /* Interface.storyboard */ = {
			isa = PBXVariantGroup;
			children = (
				E13D21B31B4CDDEB006D7EEB /* Base */,
			);
			name = Interface.storyboard;
			sourceTree = "<group>";
		};
/* End PBXVariantGroup section */

/* Begin XCBuildConfiguration section */
		E13D21601B4C06D1006D7EEB /* Debug */ = {
			isa = XCBuildConfiguration;
			buildSettings = {
				ALWAYS_SEARCH_USER_PATHS = NO;
				CLANG_CXX_LANGUAGE_STANDARD = "gnu++0x";
				CLANG_CXX_LIBRARY = "libc++";
				CLANG_ENABLE_MODULES = YES;
				CLANG_ENABLE_OBJC_ARC = YES;
				CLANG_WARN_BOOL_CONVERSION = YES;
				CLANG_WARN_CONSTANT_CONVERSION = YES;
				CLANG_WARN_DIRECT_OBJC_ISA_USAGE = YES_ERROR;
				CLANG_WARN_EMPTY_BODY = YES;
				CLANG_WARN_ENUM_CONVERSION = YES;
				CLANG_WARN_INT_CONVERSION = YES;
				CLANG_WARN_OBJC_ROOT_CLASS = YES_ERROR;
				CLANG_WARN_UNREACHABLE_CODE = YES;
				CLANG_WARN__DUPLICATE_METHOD_MATCH = YES;
				"CODE_SIGN_IDENTITY[sdk=iphoneos*]" = "iPhone Developer";
				COPY_PHASE_STRIP = NO;
				DEBUG_INFORMATION_FORMAT = "dwarf-with-dsym";
				ENABLE_STRICT_OBJC_MSGSEND = YES;
				GCC_C_LANGUAGE_STANDARD = gnu99;
				GCC_DYNAMIC_NO_PIC = NO;
				GCC_NO_COMMON_BLOCKS = YES;
				GCC_OPTIMIZATION_LEVEL = 0;
				GCC_PREPROCESSOR_DEFINITIONS = (
					"DEBUG=1",
					"$(inherited)",
				);
				GCC_SYMBOLS_PRIVATE_EXTERN = NO;
				GCC_WARN_64_TO_32_BIT_CONVERSION = YES;
				GCC_WARN_ABOUT_RETURN_TYPE = YES_ERROR;
				GCC_WARN_UNDECLARED_SELECTOR = YES;
				GCC_WARN_UNINITIALIZED_AUTOS = YES_AGGRESSIVE;
				GCC_WARN_UNUSED_FUNCTION = YES;
				GCC_WARN_UNUSED_VARIABLE = YES;
				IPHONEOS_DEPLOYMENT_TARGET = 8.4;
				MTL_ENABLE_DEBUG_INFO = YES;
				ONLY_ACTIVE_ARCH = YES;
				SDKROOT = iphoneos;
			};
			name = Debug;
		};
		E13D21611B4C06D1006D7EEB /* Release */ = {
			isa = XCBuildConfiguration;
			buildSettings = {
				ALWAYS_SEARCH_USER_PATHS = NO;
				CLANG_CXX_LANGUAGE_STANDARD = "gnu++0x";
				CLANG_CXX_LIBRARY = "libc++";
				CLANG_ENABLE_MODULES = YES;
				CLANG_ENABLE_OBJC_ARC = YES;
				CLANG_WARN_BOOL_CONVERSION = YES;
				CLANG_WARN_CONSTANT_CONVERSION = YES;
				CLANG_WARN_DIRECT_OBJC_ISA_USAGE = YES_ERROR;
				CLANG_WARN_EMPTY_BODY = YES;
				CLANG_WARN_ENUM_CONVERSION = YES;
				CLANG_WARN_INT_CONVERSION = YES;
				CLANG_WARN_OBJC_ROOT_CLASS = YES_ERROR;
				CLANG_WARN_UNREACHABLE_CODE = YES;
				CLANG_WARN__DUPLICATE_METHOD_MATCH = YES;
				"CODE_SIGN_IDENTITY[sdk=iphoneos*]" = "iPhone Developer";
				COPY_PHASE_STRIP = NO;
				DEBUG_INFORMATION_FORMAT = "dwarf-with-dsym";
				ENABLE_NS_ASSERTIONS = NO;
				ENABLE_STRICT_OBJC_MSGSEND = YES;
				GCC_C_LANGUAGE_STANDARD = gnu99;
				GCC_NO_COMMON_BLOCKS = YES;
				GCC_WARN_64_TO_32_BIT_CONVERSION = YES;
				GCC_WARN_ABOUT_RETURN_TYPE = YES_ERROR;
				GCC_WARN_UNDECLARED_SELECTOR = YES;
				GCC_WARN_UNINITIALIZED_AUTOS = YES_AGGRESSIVE;
				GCC_WARN_UNUSED_FUNCTION = YES;
				GCC_WARN_UNUSED_VARIABLE = YES;
				IPHONEOS_DEPLOYMENT_TARGET = 8.4;
				MTL_ENABLE_DEBUG_INFO = NO;
				SDKROOT = iphoneos;
				VALIDATE_PRODUCT = YES;
			};
			name = Release;
		};
		E13D21631B4C06D1006D7EEB /* Debug */ = {
			isa = XCBuildConfiguration;
			buildSettings = {
				ASSETCATALOG_COMPILER_APPICON_NAME = AppIcon;
				ASSETCATALOG_COMPILER_LAUNCHIMAGE_NAME = LaunchImage;
				CODE_SIGN_IDENTITY = "iPhone Developer";
				"CODE_SIGN_IDENTITY[sdk=iphoneos*]" = "iPhone Developer";
				FRAMEWORK_SEARCH_PATHS = (
					"$(inherited)",
					/Users/Lolo/git/opencv/releases/ios,
					/Users/Lolo/Dropbox/focusdays2015/1st.apple.watch/openCV/iOS,
					/Users/Lolo/Dropbox/focusdays2015/1st.apple.watch/openCV/iOS/3.0.release,
					"/Users/Lolo/git/focusdays2015-facedetection",
				);
				INFOPLIST_FILE = eyes2drive/Info.plist;
				IPHONEOS_DEPLOYMENT_TARGET = 8.4;
				LD_RUNPATH_SEARCH_PATHS = "$(inherited) @executable_path/Frameworks";
				ONLY_ACTIVE_ARCH = NO;
				PRODUCT_NAME = "$(TARGET_NAME)";
				PROVISIONING_PROFILE = "";
				VALID_ARCHS = "armv7 armv7s";
			};
			name = Debug;
		};
		E13D21641B4C06D1006D7EEB /* Release */ = {
			isa = XCBuildConfiguration;
			buildSettings = {
				ASSETCATALOG_COMPILER_APPICON_NAME = AppIcon;
				ASSETCATALOG_COMPILER_LAUNCHIMAGE_NAME = LaunchImage;
				CODE_SIGN_IDENTITY = "iPhone Developer";
				"CODE_SIGN_IDENTITY[sdk=iphoneos*]" = "iPhone Developer";
				FRAMEWORK_SEARCH_PATHS = (
					"$(inherited)",
					/Users/Lolo/git/opencv/releases/ios,
					/Users/Lolo/Dropbox/focusdays2015/1st.apple.watch/openCV/iOS,
					/Users/Lolo/Dropbox/focusdays2015/1st.apple.watch/openCV/iOS/3.0.release,
					"/Users/Lolo/git/focusdays2015-facedetection",
				);
				INFOPLIST_FILE = eyes2drive/Info.plist;
				IPHONEOS_DEPLOYMENT_TARGET = 8.4;
				LD_RUNPATH_SEARCH_PATHS = "$(inherited) @executable_path/Frameworks";
				ONLY_ACTIVE_ARCH = NO;
				PRODUCT_NAME = "$(TARGET_NAME)";
				PROVISIONING_PROFILE = "";
				VALID_ARCHS = "armv7 armv7s";
			};
			name = Release;
		};
		E13D21661B4C06D1006D7EEB /* Debug */ = {
			isa = XCBuildConfiguration;
			buildSettings = {
				BUNDLE_LOADER = "$(TEST_HOST)";
				FRAMEWORK_SEARCH_PATHS = (
					"$(SDKROOT)/Developer/Library/Frameworks",
					"$(inherited)",
				);
				GCC_PREPROCESSOR_DEFINITIONS = (
					"DEBUG=1",
					"$(inherited)",
				);
				INFOPLIST_FILE = eyes2driveTests/Info.plist;
				LD_RUNPATH_SEARCH_PATHS = "$(inherited) @executable_path/Frameworks @loader_path/Frameworks";
				PRODUCT_NAME = "$(TARGET_NAME)";
				TEST_HOST = "$(BUILT_PRODUCTS_DIR)/eyes2drive.app/eyes2drive";
			};
			name = Debug;
		};
		E13D21671B4C06D1006D7EEB /* Release */ = {
			isa = XCBuildConfiguration;
			buildSettings = {
				BUNDLE_LOADER = "$(TEST_HOST)";
				FRAMEWORK_SEARCH_PATHS = (
					"$(SDKROOT)/Developer/Library/Frameworks",
					"$(inherited)",
				);
				INFOPLIST_FILE = eyes2driveTests/Info.plist;
				LD_RUNPATH_SEARCH_PATHS = "$(inherited) @executable_path/Frameworks @loader_path/Frameworks";
				PRODUCT_NAME = "$(TARGET_NAME)";
				TEST_HOST = "$(BUILT_PRODUCTS_DIR)/eyes2drive.app/eyes2drive";
			};
			name = Release;
		};
		E13D21BC1B4CDDEB006D7EEB /* Debug */ = {
			isa = XCBuildConfiguration;
			buildSettings = {
				ASSETCATALOG_COMPILER_APPICON_NAME = AppIcon;
				GCC_PREPROCESSOR_DEFINITIONS = (
					"DEBUG=1",
					"$(inherited)",
				);
				IBSC_MODULE = eyes2drive_WatchKit_Extension;
				INFOPLIST_FILE = "eyes2drive WatchKit App/Info.plist";
				IPHONEOS_DEPLOYMENT_TARGET = 8.2;
				PRODUCT_NAME = "$(TARGET_NAME)";
				SKIP_INSTALL = YES;
				TARGETED_DEVICE_FAMILY = 4;
				"TARGETED_DEVICE_FAMILY[sdk=iphonesimulator*]" = "1,4";
			};
			name = Debug;
		};
		E13D21BD1B4CDDEB006D7EEB /* Release */ = {
			isa = XCBuildConfiguration;
			buildSettings = {
				ASSETCATALOG_COMPILER_APPICON_NAME = AppIcon;
				IBSC_MODULE = eyes2drive_WatchKit_Extension;
				INFOPLIST_FILE = "eyes2drive WatchKit App/Info.plist";
				IPHONEOS_DEPLOYMENT_TARGET = 8.2;
				PRODUCT_NAME = "$(TARGET_NAME)";
				SKIP_INSTALL = YES;
				TARGETED_DEVICE_FAMILY = 4;
				"TARGETED_DEVICE_FAMILY[sdk=iphonesimulator*]" = "1,4";
			};
			name = Release;
		};
		E13D21BF1B4CDDEB006D7EEB /* Debug */ = {
			isa = XCBuildConfiguration;
			buildSettings = {
				CODE_SIGN_IDENTITY = "iPhone Developer";
				"CODE_SIGN_IDENTITY[sdk=iphoneos*]" = "iPhone Developer";
				GCC_PREPROCESSOR_DEFINITIONS = (
					"DEBUG=1",
					"$(inherited)",
				);
				INFOPLIST_FILE = "eyes2drive WatchKit Extension/Info.plist";
				LD_RUNPATH_SEARCH_PATHS = "$(inherited) @executable_path/Frameworks @executable_path/../../Frameworks";
				PRODUCT_NAME = "${TARGET_NAME}";
				SKIP_INSTALL = YES;
			};
			name = Debug;
		};
		E13D21C01B4CDDEB006D7EEB /* Release */ = {
			isa = XCBuildConfiguration;
			buildSettings = {
				CODE_SIGN_IDENTITY = "iPhone Developer";
				"CODE_SIGN_IDENTITY[sdk=iphoneos*]" = "iPhone Developer";
				INFOPLIST_FILE = "eyes2drive WatchKit Extension/Info.plist";
				LD_RUNPATH_SEARCH_PATHS = "$(inherited) @executable_path/Frameworks @executable_path/../../Frameworks";
				PRODUCT_NAME = "${TARGET_NAME}";
				SKIP_INSTALL = YES;
			};
			name = Release;
		};
/* End XCBuildConfiguration section */

/* Begin XCConfigurationList section */
		E13D213A1B4C06D1006D7EEB /* Build configuration list for PBXProject "eyes2drive" */ = {
			isa = XCConfigurationList;
			buildConfigurations = (
				E13D21601B4C06D1006D7EEB /* Debug */,
				E13D21611B4C06D1006D7EEB /* Release */,
			);
			defaultConfigurationIsVisible = 0;
			defaultConfigurationName = Release;
		};
		E13D21621B4C06D1006D7EEB /* Build configuration list for PBXNativeTarget "eyes2drive" */ = {
			isa = XCConfigurationList;
			buildConfigurations = (
				E13D21631B4C06D1006D7EEB /* Debug */,
				E13D21641B4C06D1006D7EEB /* Release */,
			);
			defaultConfigurationIsVisible = 0;
		};
		E13D21651B4C06D1006D7EEB /* Build configuration list for PBXNativeTarget "eyes2driveTests" */ = {
			isa = XCConfigurationList;
			buildConfigurations = (
				E13D21661B4C06D1006D7EEB /* Debug */,
				E13D21671B4C06D1006D7EEB /* Release */,
			);
			defaultConfigurationIsVisible = 0;
		};
		E13D21BB1B4CDDEB006D7EEB /* Build configuration list for PBXNativeTarget "eyes2drive WatchKit App" */ = {
			isa = XCConfigurationList;
			buildConfigurations = (
				E13D21BC1B4CDDEB006D7EEB /* Debug */,
				E13D21BD1B4CDDEB006D7EEB /* Release */,
			);
			defaultConfigurationIsVisible = 0;
		};
		E13D21BE1B4CDDEB006D7EEB /* Build configuration list for PBXNativeTarget "eyes2drive WatchKit Extension" */ = {
			isa = XCConfigurationList;
			buildConfigurations = (
				E13D21BF1B4CDDEB006D7EEB /* Debug */,
				E13D21C01B4CDDEB006D7EEB /* Release */,
			);
			defaultConfigurationIsVisible = 0;
		};
/* End XCConfigurationList section */
	};
	rootObject = E13D21371B4C06D1006D7EEB /* Project object */;
}
