// !$*UTF8*$!
{
	archiveVersion = 1;
	classes = {
	};
	objectVersion = 46;
	objects = {

/* Begin PBXBuildFile section */
		E13D21451B4C06D1006D7EEB /* main.mm in Sources */ = {isa = PBXBuildFile; fileRef = E13D21441B4C06D1006D7EEB /* main.mm */; };
		E13D21481B4C06D1006D7EEB /* AppDelegate.mm in Sources */ = {isa = PBXBuildFile; fileRef = E13D21471B4C06D1006D7EEB /* AppDelegate.mm */; };
		E13D214B1B4C06D1006D7EEB /* ViewController.mm in Sources */ = {isa = PBXBuildFile; fileRef = E13D214A1B4C06D1006D7EEB /* ViewController.mm */; };
		E13D214E1B4C06D1006D7EEB /* Main.storyboard in Resources */ = {isa = PBXBuildFile; fileRef = E13D214C1B4C06D1006D7EEB /* Main.storyboard */; };
		E13D21501B4C06D1006D7EEB /* Images.xcassets in Resources */ = {isa = PBXBuildFile; fileRef = E13D214F1B4C06D1006D7EEB /* Images.xcassets */; };
		E13D21531B4C06D1006D7EEB /* LaunchScreen.xib in Resources */ = {isa = PBXBuildFile; fileRef = E13D21511B4C06D1006D7EEB /* LaunchScreen.xib */; };
		E13D215F1B4C06D1006D7EEB /* eyes2driveTests.mm in Sources */ = {isa = PBXBuildFile; fileRef = E13D215E1B4C06D1006D7EEB /* eyes2driveTests.mm */; };
		E13D21691B4C07ED006D7EEB /* libstdc++.dylib in Frameworks */ = {isa = PBXBuildFile; fileRef = E13D21681B4C07ED006D7EEB /* libstdc++.dylib */; };
		E13D217D1B4CA320006D7EEB /* Accelerate.framework in Frameworks */ = {isa = PBXBuildFile; fileRef = E13D21731B4CA320006D7EEB /* Accelerate.framework */; };
		E13D217E1B4CA320006D7EEB /* AssetsLibrary.framework in Frameworks */ = {isa = PBXBuildFile; fileRef = E13D21741B4CA320006D7EEB /* AssetsLibrary.framework */; };
		E13D217F1B4CA320006D7EEB /* AVFoundation.framework in Frameworks */ = {isa = PBXBuildFile; fileRef = E13D21751B4CA320006D7EEB /* AVFoundation.framework */; };
		E13D21801B4CA320006D7EEB /* CoreGraphics.framework in Frameworks */ = {isa = PBXBuildFile; fileRef = E13D21761B4CA320006D7EEB /* CoreGraphics.framework */; };
		E13D21811B4CA320006D7EEB /* CoreImage.framework in Frameworks */ = {isa = PBXBuildFile; fileRef = E13D21771B4CA320006D7EEB /* CoreImage.framework */; };
		E13D21821B4CA320006D7EEB /* CoreMedia.framework in Frameworks */ = {isa = PBXBuildFile; fileRef = E13D21781B4CA320006D7EEB /* CoreMedia.framework */; };
		E13D21831B4CA320006D7EEB /* CoreVideo.framework in Frameworks */ = {isa = PBXBuildFile; fileRef = E13D21791B4CA320006D7EEB /* CoreVideo.framework */; };
		E13D21841B4CA320006D7EEB /* Foundation.framework in Frameworks */ = {isa = PBXBuildFile; fileRef = E13D217A1B4CA320006D7EEB /* Foundation.framework */; };
		E13D21851B4CA320006D7EEB /* QuartzCore.framework in Frameworks */ = {isa = PBXBuildFile; fileRef = E13D217B1B4CA320006D7EEB /* QuartzCore.framework */; };
		E13D21861B4CA320006D7EEB /* UIKit.framework in Frameworks */ = {isa = PBXBuildFile; fileRef = E13D217C1B4CA320006D7EEB /* UIKit.framework */; };
		E13D21951B4CBF96006D7EEB /* opencv2.framework in Frameworks */ = {isa = PBXBuildFile; fileRef = E13D21941B4CBF96006D7EEB /* opencv2.framework */; };
		E182F87A1B577B0F00AC1B93 /* MapKit.framework in Frameworks */ = {isa = PBXBuildFile; fileRef = E182F8791B577B0F00AC1B93 /* MapKit.framework */; };
		E182F87C1B578A5100AC1B93 /* geographic-coverage-file-Swiss-border.geojson in Resources */ = {isa = PBXBuildFile; fileRef = E182F87B1B578A5100AC1B93 /* geographic-coverage-file-Swiss-border.geojson */; };
		E182F8921B57ABF500AC1B93 /* haarcascade_mcs_eyepair_big.xml in Resources */ = {isa = PBXBuildFile; fileRef = E182F8891B57ABF500AC1B93 /* haarcascade_mcs_eyepair_big.xml */; };
		E182F8931B57ABF500AC1B93 /* haarcascade_mcs_eyepair_small.xml in Resources */ = {isa = PBXBuildFile; fileRef = E182F88A1B57ABF500AC1B93 /* haarcascade_mcs_eyepair_small.xml */; };
		E182F8941B57ABF500AC1B93 /* haarcascade_mcs_leftear.xml in Resources */ = {isa = PBXBuildFile; fileRef = E182F88B1B57ABF500AC1B93 /* haarcascade_mcs_leftear.xml */; };
		E182F8951B57ABF500AC1B93 /* haarcascade_mcs_lefteye.xml in Resources */ = {isa = PBXBuildFile; fileRef = E182F88C1B57ABF500AC1B93 /* haarcascade_mcs_lefteye.xml */; };
		E182F8961B57ABF500AC1B93 /* haarcascade_mcs_mouth.xml in Resources */ = {isa = PBXBuildFile; fileRef = E182F88D1B57ABF500AC1B93 /* haarcascade_mcs_mouth.xml */; };
		E182F8971B57ABF500AC1B93 /* haarcascade_mcs_nose.xml in Resources */ = {isa = PBXBuildFile; fileRef = E182F88E1B57ABF500AC1B93 /* haarcascade_mcs_nose.xml */; };
		E182F8981B57ABF500AC1B93 /* haarcascade_mcs_rightear.xml in Resources */ = {isa = PBXBuildFile; fileRef = E182F88F1B57ABF500AC1B93 /* haarcascade_mcs_rightear.xml */; };
		E182F8991B57ABF500AC1B93 /* haarcascade_mcs_righteye.xml in Resources */ = {isa = PBXBuildFile; fileRef = E182F8901B57ABF500AC1B93 /* haarcascade_mcs_righteye.xml */; };
		E182F89A1B57ABF500AC1B93 /* haarcascade_mcs_upperbody.xml in Resources */ = {isa = PBXBuildFile; fileRef = E182F8911B57ABF500AC1B93 /* haarcascade_mcs_upperbody.xml */; };
		E1892B301B505D4D00D7C9DB /* FeatureDetectionTime.mm in Sources */ = {isa = PBXBuildFile; fileRef = E1892B2F1B505D4D00D7C9DB /* FeatureDetectionTime.mm */; };
		E1892B371B5305EC00D7C9DB /* AudioToolbox.framework in Frameworks */ = {isa = PBXBuildFile; fileRef = E1892B361B5305EC00D7C9DB /* AudioToolbox.framework */; };
		E1892B3B1B5310EA00D7C9DB /* Sound-Red.mp3 in Resources */ = {isa = PBXBuildFile; fileRef = E1892B3A1B5310EA00D7C9DB /* Sound-Red.mp3 */; };
		E1892B3D1B53118300D7C9DB /* Sound-Green.mp3 in Resources */ = {isa = PBXBuildFile; fileRef = E1892B3C1B53118300D7C9DB /* Sound-Green.mp3 */; };
		E1892B401B5311B000D7C9DB /* Sound-Dark-Red.mp3 in Resources */ = {isa = PBXBuildFile; fileRef = E1892B3E1B5311B000D7C9DB /* Sound-Dark-Red.mp3 */; };
		E1892B411B5311B000D7C9DB /* Sound-Orange.mp3 in Resources */ = {isa = PBXBuildFile; fileRef = E1892B3F1B5311B000D7C9DB /* Sound-Orange.mp3 */; };
		E1892B431B5320CA00D7C9DB /* tap.aif in Resources */ = {isa = PBXBuildFile; fileRef = E1892B421B5320B100D7C9DB /* tap.aif */; };
		E1A96EB01B4F2CA3000EFE18 /* FaceDetectionOpenCV.mm in Sources */ = {isa = PBXBuildFile; fileRef = E1A96EAF1B4F2CA3000EFE18 /* FaceDetectionOpenCV.mm */; };
		E1BB39A31B5459E900511D22 /* MainStoryboard_iPhone.storyboard in Resources */ = {isa = PBXBuildFile; fileRef = E1BB39A21B5459E900511D22 /* MainStoryboard_iPhone.storyboard */; };
		E1BB39A61B5459FA00511D22 /* SquareCamViewController.m in Sources */ = {isa = PBXBuildFile; fileRef = E1BB39A51B5459FA00511D22 /* SquareCamViewController.m */; };
		E1BB39A91B545FBC00511D22 /* ImageIO.framework in Frameworks */ = {isa = PBXBuildFile; fileRef = E1BB39A81B545FBC00511D22 /* ImageIO.framework */; };
		E1CAB3971B4F336E006F42EA /* haarcascade_eye_tree_eyeglasses.1.xml in Resources */ = {isa = PBXBuildFile; fileRef = E1CAB3951B4F336E006F42EA /* haarcascade_eye_tree_eyeglasses.1.xml */; };
		E1CAB3981B4F336E006F42EA /* haarcascade_frontalface_alt.1.xml in Resources */ = {isa = PBXBuildFile; fileRef = E1CAB3961B4F336E006F42EA /* haarcascade_frontalface_alt.1.xml */; };
		E1CAB3D01B4F463E006F42EA /* haarcascade_eye_tree_eyeglasses.xml in Resources */ = {isa = PBXBuildFile; fileRef = E1CAB3BF1B4F463E006F42EA /* haarcascade_eye_tree_eyeglasses.xml */; };
		E1CAB3D11B4F463E006F42EA /* haarcascade_eye.xml in Resources */ = {isa = PBXBuildFile; fileRef = E1CAB3C01B4F463E006F42EA /* haarcascade_eye.xml */; };
		E1CAB3D21B4F463E006F42EA /* haarcascade_frontalcatface_extended.xml in Resources */ = {isa = PBXBuildFile; fileRef = E1CAB3C11B4F463E006F42EA /* haarcascade_frontalcatface_extended.xml */; };
		E1CAB3D31B4F463E006F42EA /* haarcascade_frontalcatface.xml in Resources */ = {isa = PBXBuildFile; fileRef = E1CAB3C21B4F463E006F42EA /* haarcascade_frontalcatface.xml */; };
		E1CAB3D41B4F463E006F42EA /* haarcascade_frontalface_alt_tree.xml in Resources */ = {isa = PBXBuildFile; fileRef = E1CAB3C31B4F463E006F42EA /* haarcascade_frontalface_alt_tree.xml */; };
		E1CAB3D51B4F463E006F42EA /* haarcascade_frontalface_alt.xml in Resources */ = {isa = PBXBuildFile; fileRef = E1CAB3C41B4F463E006F42EA /* haarcascade_frontalface_alt.xml */; };
		E1CAB3D61B4F463E006F42EA /* haarcascade_frontalface_alt2.xml in Resources */ = {isa = PBXBuildFile; fileRef = E1CAB3C51B4F463E006F42EA /* haarcascade_frontalface_alt2.xml */; };
		E1CAB3D71B4F463E006F42EA /* haarcascade_frontalface_default.xml in Resources */ = {isa = PBXBuildFile; fileRef = E1CAB3C61B4F463E006F42EA /* haarcascade_frontalface_default.xml */; };
		E1CAB3D81B4F463E006F42EA /* haarcascade_fullbody.xml in Resources */ = {isa = PBXBuildFile; fileRef = E1CAB3C71B4F463E006F42EA /* haarcascade_fullbody.xml */; };
		E1CAB3D91B4F463E006F42EA /* haarcascade_lefteye_2splits.xml in Resources */ = {isa = PBXBuildFile; fileRef = E1CAB3C81B4F463E006F42EA /* haarcascade_lefteye_2splits.xml */; };
		E1CAB3DA1B4F463E006F42EA /* haarcascade_licence_plate_rus_16stages.xml in Resources */ = {isa = PBXBuildFile; fileRef = E1CAB3C91B4F463E006F42EA /* haarcascade_licence_plate_rus_16stages.xml */; };
		E1CAB3DB1B4F463E006F42EA /* haarcascade_lowerbody.xml in Resources */ = {isa = PBXBuildFile; fileRef = E1CAB3CA1B4F463E006F42EA /* haarcascade_lowerbody.xml */; };
		E1CAB3DC1B4F463E006F42EA /* haarcascade_profileface.xml in Resources */ = {isa = PBXBuildFile; fileRef = E1CAB3CB1B4F463E006F42EA /* haarcascade_profileface.xml */; };
		E1CAB3DD1B4F463E006F42EA /* haarcascade_righteye_2splits.xml in Resources */ = {isa = PBXBuildFile; fileRef = E1CAB3CC1B4F463E006F42EA /* haarcascade_righteye_2splits.xml */; };
		E1CAB3DE1B4F463E006F42EA /* haarcascade_russian_plate_number.xml in Resources */ = {isa = PBXBuildFile; fileRef = E1CAB3CD1B4F463E006F42EA /* haarcascade_russian_plate_number.xml */; };
		E1CAB3DF1B4F463E006F42EA /* haarcascade_smile.xml in Resources */ = {isa = PBXBuildFile; fileRef = E1CAB3CE1B4F463E006F42EA /* haarcascade_smile.xml */; };
		E1CAB3E01B4F463E006F42EA /* haarcascade_upperbody.xml in Resources */ = {isa = PBXBuildFile; fileRef = E1CAB3CF1B4F463E006F42EA /* haarcascade_upperbody.xml */; };
/* End PBXBuildFile section */

/* Begin PBXContainerItemProxy section */
		E13D21591B4C06D1006D7EEB /* PBXContainerItemProxy */ = {
			isa = PBXContainerItemProxy;
			containerPortal = E13D21371B4C06D1006D7EEB /* Project object */;
			proxyType = 1;
			remoteGlobalIDString = E13D213E1B4C06D1006D7EEB;
			remoteInfo = eyes2drive;
		};
/* End PBXContainerItemProxy section */

/* Begin PBXCopyFilesBuildPhase section */
		E13D21B91B4CDDEB006D7EEB /* Embed App Extensions */ = {
			isa = PBXCopyFilesBuildPhase;
			buildActionMask = 2147483647;
			dstPath = "";
			dstSubfolderSpec = 13;
			files = (
			);
			name = "Embed App Extensions";
			runOnlyForDeploymentPostprocessing = 0;
		};
/* End PBXCopyFilesBuildPhase section */

/* Begin PBXFileReference section */
		E13D213F1B4C06D1006D7EEB /* eyes2drive.app */ = {isa = PBXFileReference; explicitFileType = wrapper.application; includeInIndex = 0; path = eyes2drive.app; sourceTree = BUILT_PRODUCTS_DIR; };
		E13D21431B4C06D1006D7EEB /* Info.plist */ = {isa = PBXFileReference; lastKnownFileType = text.plist.xml; path = Info.plist; sourceTree = "<group>"; };
		E13D21441B4C06D1006D7EEB /* main.mm */ = {isa = PBXFileReference; lastKnownFileType = sourcecode.cpp.objcpp; path = main.mm; sourceTree = "<group>"; };
		E13D21461B4C06D1006D7EEB /* AppDelegate.h */ = {isa = PBXFileReference; lastKnownFileType = sourcecode.c.h; path = AppDelegate.h; sourceTree = "<group>"; };
		E13D21471B4C06D1006D7EEB /* AppDelegate.mm */ = {isa = PBXFileReference; lastKnownFileType = sourcecode.cpp.objcpp; path = AppDelegate.mm; sourceTree = "<group>"; };
		E13D21491B4C06D1006D7EEB /* ViewController.h */ = {isa = PBXFileReference; lastKnownFileType = sourcecode.c.h; path = ViewController.h; sourceTree = "<group>"; };
		E13D214A1B4C06D1006D7EEB /* ViewController.mm */ = {isa = PBXFileReference; lastKnownFileType = sourcecode.cpp.objcpp; path = ViewController.mm; sourceTree = "<group>"; };
		E13D214D1B4C06D1006D7EEB /* Base */ = {isa = PBXFileReference; lastKnownFileType = file.storyboard; name = Base; path = Base.lproj/Main.storyboard; sourceTree = "<group>"; };
		E13D214F1B4C06D1006D7EEB /* Images.xcassets */ = {isa = PBXFileReference; lastKnownFileType = folder.assetcatalog; path = Images.xcassets; sourceTree = "<group>"; };
		E13D21521B4C06D1006D7EEB /* Base */ = {isa = PBXFileReference; lastKnownFileType = file.xib; name = Base; path = Base.lproj/LaunchScreen.xib; sourceTree = "<group>"; };
		E13D21581B4C06D1006D7EEB /* eyes2driveTests.xctest */ = {isa = PBXFileReference; explicitFileType = wrapper.cfbundle; includeInIndex = 0; path = eyes2driveTests.xctest; sourceTree = BUILT_PRODUCTS_DIR; };
		E13D215D1B4C06D1006D7EEB /* Info.plist */ = {isa = PBXFileReference; lastKnownFileType = text.plist.xml; path = Info.plist; sourceTree = "<group>"; };
		E13D215E1B4C06D1006D7EEB /* eyes2driveTests.mm */ = {isa = PBXFileReference; lastKnownFileType = sourcecode.cpp.objcpp; path = eyes2driveTests.mm; sourceTree = "<group>"; };
		E13D21681B4C07ED006D7EEB /* libstdc++.dylib */ = {isa = PBXFileReference; lastKnownFileType = "compiled.mach-o.dylib"; name = "libstdc++.dylib"; path = "usr/lib/libstdc++.dylib"; sourceTree = SDKROOT; };
		E13D216C1B4C0948006D7EEB /* eyes2drive_Prefix.pch */ = {isa = PBXFileReference; fileEncoding = 4; lastKnownFileType = sourcecode.c.h; path = eyes2drive_Prefix.pch; sourceTree = "<group>"; };
		E13D21731B4CA320006D7EEB /* Accelerate.framework */ = {isa = PBXFileReference; lastKnownFileType = wrapper.framework; name = Accelerate.framework; path = System/Library/Frameworks/Accelerate.framework; sourceTree = SDKROOT; };
		E13D21741B4CA320006D7EEB /* AssetsLibrary.framework */ = {isa = PBXFileReference; lastKnownFileType = wrapper.framework; name = AssetsLibrary.framework; path = System/Library/Frameworks/AssetsLibrary.framework; sourceTree = SDKROOT; };
		E13D21751B4CA320006D7EEB /* AVFoundation.framework */ = {isa = PBXFileReference; lastKnownFileType = wrapper.framework; name = AVFoundation.framework; path = System/Library/Frameworks/AVFoundation.framework; sourceTree = SDKROOT; };
		E13D21761B4CA320006D7EEB /* CoreGraphics.framework */ = {isa = PBXFileReference; lastKnownFileType = wrapper.framework; name = CoreGraphics.framework; path = System/Library/Frameworks/CoreGraphics.framework; sourceTree = SDKROOT; };
		E13D21771B4CA320006D7EEB /* CoreImage.framework */ = {isa = PBXFileReference; lastKnownFileType = wrapper.framework; name = CoreImage.framework; path = System/Library/Frameworks/CoreImage.framework; sourceTree = SDKROOT; };
		E13D21781B4CA320006D7EEB /* CoreMedia.framework */ = {isa = PBXFileReference; lastKnownFileType = wrapper.framework; name = CoreMedia.framework; path = System/Library/Frameworks/CoreMedia.framework; sourceTree = SDKROOT; };
		E13D21791B4CA320006D7EEB /* CoreVideo.framework */ = {isa = PBXFileReference; lastKnownFileType = wrapper.framework; name = CoreVideo.framework; path = System/Library/Frameworks/CoreVideo.framework; sourceTree = SDKROOT; };
		E13D217A1B4CA320006D7EEB /* Foundation.framework */ = {isa = PBXFileReference; lastKnownFileType = wrapper.framework; name = Foundation.framework; path = System/Library/Frameworks/Foundation.framework; sourceTree = SDKROOT; };
		E13D217B1B4CA320006D7EEB /* QuartzCore.framework */ = {isa = PBXFileReference; lastKnownFileType = wrapper.framework; name = QuartzCore.framework; path = System/Library/Frameworks/QuartzCore.framework; sourceTree = SDKROOT; };
		E13D217C1B4CA320006D7EEB /* UIKit.framework */ = {isa = PBXFileReference; lastKnownFileType = wrapper.framework; name = UIKit.framework; path = System/Library/Frameworks/UIKit.framework; sourceTree = SDKROOT; };
		E13D21941B4CBF96006D7EEB /* opencv2.framework */ = {isa = PBXFileReference; lastKnownFileType = wrapper.framework; name = opencv2.framework; path = ../opencv2.framework; sourceTree = "<group>"; };
		E182F8701B56F55C00AC1B93 /* eyes2drive.entitlements */ = {isa = PBXFileReference; lastKnownFileType = text.xml; path = eyes2drive.entitlements; sourceTree = "<group>"; };
		E182F8791B577B0F00AC1B93 /* MapKit.framework */ = {isa = PBXFileReference; lastKnownFileType = wrapper.framework; name = MapKit.framework; path = System/Library/Frameworks/MapKit.framework; sourceTree = SDKROOT; };
		E182F87B1B578A5100AC1B93 /* geographic-coverage-file-Swiss-border.geojson */ = {isa = PBXFileReference; fileEncoding = 4; lastKnownFileType = text; path = "geographic-coverage-file-Swiss-border.geojson"; sourceTree = "<group>"; };
		E182F8891B57ABF500AC1B93 /* haarcascade_mcs_eyepair_big.xml */ = {isa = PBXFileReference; fileEncoding = 4; lastKnownFileType = text.xml; path = haarcascade_mcs_eyepair_big.xml; sourceTree = "<group>"; };
		E182F88A1B57ABF500AC1B93 /* haarcascade_mcs_eyepair_small.xml */ = {isa = PBXFileReference; fileEncoding = 4; lastKnownFileType = text.xml; path = haarcascade_mcs_eyepair_small.xml; sourceTree = "<group>"; };
		E182F88B1B57ABF500AC1B93 /* haarcascade_mcs_leftear.xml */ = {isa = PBXFileReference; fileEncoding = 4; lastKnownFileType = text.xml; path = haarcascade_mcs_leftear.xml; sourceTree = "<group>"; };
		E182F88C1B57ABF500AC1B93 /* haarcascade_mcs_lefteye.xml */ = {isa = PBXFileReference; fileEncoding = 4; lastKnownFileType = text.xml; path = haarcascade_mcs_lefteye.xml; sourceTree = "<group>"; };
		E182F88D1B57ABF500AC1B93 /* haarcascade_mcs_mouth.xml */ = {isa = PBXFileReference; fileEncoding = 4; lastKnownFileType = text.xml; path = haarcascade_mcs_mouth.xml; sourceTree = "<group>"; };
		E182F88E1B57ABF500AC1B93 /* haarcascade_mcs_nose.xml */ = {isa = PBXFileReference; fileEncoding = 4; lastKnownFileType = text.xml; path = haarcascade_mcs_nose.xml; sourceTree = "<group>"; };
		E182F88F1B57ABF500AC1B93 /* haarcascade_mcs_rightear.xml */ = {isa = PBXFileReference; fileEncoding = 4; lastKnownFileType = text.xml; path = haarcascade_mcs_rightear.xml; sourceTree = "<group>"; };
		E182F8901B57ABF500AC1B93 /* haarcascade_mcs_righteye.xml */ = {isa = PBXFileReference; fileEncoding = 4; lastKnownFileType = text.xml; path = haarcascade_mcs_righteye.xml; sourceTree = "<group>"; };
		E182F8911B57ABF500AC1B93 /* haarcascade_mcs_upperbody.xml */ = {isa = PBXFileReference; fileEncoding = 4; lastKnownFileType = text.xml; path = haarcascade_mcs_upperbody.xml; sourceTree = "<group>"; };
		E1892B2E1B505D4D00D7C9DB /* FeatureDetectionTime.h */ = {isa = PBXFileReference; fileEncoding = 4; lastKnownFileType = sourcecode.c.h; path = FeatureDetectionTime.h; sourceTree = "<group>"; };
		E1892B2F1B505D4D00D7C9DB /* FeatureDetectionTime.mm */ = {isa = PBXFileReference; fileEncoding = 4; lastKnownFileType = sourcecode.cpp.objcpp; path = FeatureDetectionTime.mm; sourceTree = "<group>"; };
		E1892B361B5305EC00D7C9DB /* AudioToolbox.framework */ = {isa = PBXFileReference; lastKnownFileType = wrapper.framework; name = AudioToolbox.framework; path = System/Library/Frameworks/AudioToolbox.framework; sourceTree = SDKROOT; };
		E1892B3A1B5310EA00D7C9DB /* Sound-Red.mp3 */ = {isa = PBXFileReference; lastKnownFileType = audio.mp3; path = "Sound-Red.mp3"; sourceTree = "<group>"; };
		E1892B3C1B53118300D7C9DB /* Sound-Green.mp3 */ = {isa = PBXFileReference; lastKnownFileType = audio.mp3; path = "Sound-Green.mp3"; sourceTree = "<group>"; };
		E1892B3E1B5311B000D7C9DB /* Sound-Dark-Red.mp3 */ = {isa = PBXFileReference; lastKnownFileType = audio.mp3; path = "Sound-Dark-Red.mp3"; sourceTree = "<group>"; };
		E1892B3F1B5311B000D7C9DB /* Sound-Orange.mp3 */ = {isa = PBXFileReference; lastKnownFileType = audio.mp3; path = "Sound-Orange.mp3"; sourceTree = "<group>"; };
		E1892B421B5320B100D7C9DB /* tap.aif */ = {isa = PBXFileReference; lastKnownFileType = file; path = tap.aif; sourceTree = "<group>"; };
		E1A96EAE1B4F2CA3000EFE18 /* FaceDetectionOpenCV.h */ = {isa = PBXFileReference; fileEncoding = 4; lastKnownFileType = sourcecode.c.h; path = FaceDetectionOpenCV.h; sourceTree = "<group>"; };
		E1A96EAF1B4F2CA3000EFE18 /* FaceDetectionOpenCV.mm */ = {isa = PBXFileReference; fileEncoding = 4; lastKnownFileType = sourcecode.cpp.objcpp; path = FaceDetectionOpenCV.mm; sourceTree = "<group>"; };
		E1BB39A21B5459E900511D22 /* MainStoryboard_iPhone.storyboard */ = {isa = PBXFileReference; fileEncoding = 4; lastKnownFileType = file.storyboard; path = MainStoryboard_iPhone.storyboard; sourceTree = "<group>"; };
		E1BB39A41B5459FA00511D22 /* SquareCamViewController.h */ = {isa = PBXFileReference; fileEncoding = 4; lastKnownFileType = sourcecode.c.h; path = SquareCamViewController.h; sourceTree = "<group>"; };
		E1BB39A51B5459FA00511D22 /* SquareCamViewController.m */ = {isa = PBXFileReference; fileEncoding = 4; lastKnownFileType = sourcecode.c.objc; path = SquareCamViewController.m; sourceTree = "<group>"; };
		E1BB39A81B545FBC00511D22 /* ImageIO.framework */ = {isa = PBXFileReference; lastKnownFileType = wrapper.framework; name = ImageIO.framework; path = System/Library/Frameworks/ImageIO.framework; sourceTree = SDKROOT; };
		E1CAB3951B4F336E006F42EA /* haarcascade_eye_tree_eyeglasses.1.xml */ = {isa = PBXFileReference; fileEncoding = 4; lastKnownFileType = text.xml; path = haarcascade_eye_tree_eyeglasses.1.xml; sourceTree = "<group>"; };
		E1CAB3961B4F336E006F42EA /* haarcascade_frontalface_alt.1.xml */ = {isa = PBXFileReference; fileEncoding = 4; lastKnownFileType = text.xml; path = haarcascade_frontalface_alt.1.xml; sourceTree = "<group>"; };
		E1CAB3BF1B4F463E006F42EA /* haarcascade_eye_tree_eyeglasses.xml */ = {isa = PBXFileReference; fileEncoding = 4; lastKnownFileType = text.xml; path = haarcascade_eye_tree_eyeglasses.xml; sourceTree = "<group>"; };
		E1CAB3C01B4F463E006F42EA /* haarcascade_eye.xml */ = {isa = PBXFileReference; fileEncoding = 4; lastKnownFileType = text.xml; path = haarcascade_eye.xml; sourceTree = "<group>"; };
		E1CAB3C11B4F463E006F42EA /* haarcascade_frontalcatface_extended.xml */ = {isa = PBXFileReference; fileEncoding = 4; lastKnownFileType = text.xml; path = haarcascade_frontalcatface_extended.xml; sourceTree = "<group>"; };
		E1CAB3C21B4F463E006F42EA /* haarcascade_frontalcatface.xml */ = {isa = PBXFileReference; fileEncoding = 4; lastKnownFileType = text.xml; path = haarcascade_frontalcatface.xml; sourceTree = "<group>"; };
		E1CAB3C31B4F463E006F42EA /* haarcascade_frontalface_alt_tree.xml */ = {isa = PBXFileReference; fileEncoding = 4; lastKnownFileType = text.xml; path = haarcascade_frontalface_alt_tree.xml; sourceTree = "<group>"; };
		E1CAB3C41B4F463E006F42EA /* haarcascade_frontalface_alt.xml */ = {isa = PBXFileReference; fileEncoding = 4; lastKnownFileType = text.xml; path = haarcascade_frontalface_alt.xml; sourceTree = "<group>"; };
		E1CAB3C51B4F463E006F42EA /* haarcascade_frontalface_alt2.xml */ = {isa = PBXFileReference; fileEncoding = 4; lastKnownFileType = text.xml; path = haarcascade_frontalface_alt2.xml; sourceTree = "<group>"; };
		E1CAB3C61B4F463E006F42EA /* haarcascade_frontalface_default.xml */ = {isa = PBXFileReference; fileEncoding = 4; lastKnownFileType = text.xml; path = haarcascade_frontalface_default.xml; sourceTree = "<group>"; };
		E1CAB3C71B4F463E006F42EA /* haarcascade_fullbody.xml */ = {isa = PBXFileReference; fileEncoding = 4; lastKnownFileType = text.xml; path = haarcascade_fullbody.xml; sourceTree = "<group>"; };
		E1CAB3C81B4F463E006F42EA /* haarcascade_lefteye_2splits.xml */ = {isa = PBXFileReference; fileEncoding = 4; lastKnownFileType = text.xml; path = haarcascade_lefteye_2splits.xml; sourceTree = "<group>"; };
		E1CAB3C91B4F463E006F42EA /* haarcascade_licence_plate_rus_16stages.xml */ = {isa = PBXFileReference; fileEncoding = 4; lastKnownFileType = text.xml; path = haarcascade_licence_plate_rus_16stages.xml; sourceTree = "<group>"; };
		E1CAB3CA1B4F463E006F42EA /* haarcascade_lowerbody.xml */ = {isa = PBXFileReference; fileEncoding = 4; lastKnownFileType = text.xml; path = haarcascade_lowerbody.xml; sourceTree = "<group>"; };
		E1CAB3CB1B4F463E006F42EA /* haarcascade_profileface.xml */ = {isa = PBXFileReference; fileEncoding = 4; lastKnownFileType = text.xml; path = haarcascade_profileface.xml; sourceTree = "<group>"; };
		E1CAB3CC1B4F463E006F42EA /* haarcascade_righteye_2splits.xml */ = {isa = PBXFileReference; fileEncoding = 4; lastKnownFileType = text.xml; path = haarcascade_righteye_2splits.xml; sourceTree = "<group>"; };
		E1CAB3CD1B4F463E006F42EA /* haarcascade_russian_plate_number.xml */ = {isa = PBXFileReference; fileEncoding = 4; lastKnownFileType = text.xml; path = haarcascade_russian_plate_number.xml; sourceTree = "<group>"; };
		E1CAB3CE1B4F463E006F42EA /* haarcascade_smile.xml */ = {isa = PBXFileReference; fileEncoding = 4; lastKnownFileType = text.xml; path = haarcascade_smile.xml; sourceTree = "<group>"; };
		E1CAB3CF1B4F463E006F42EA /* haarcascade_upperbody.xml */ = {isa = PBXFileReference; fileEncoding = 4; lastKnownFileType = text.xml; path = haarcascade_upperbody.xml; sourceTree = "<group>"; };
/* End PBXFileReference section */

/* Begin PBXFrameworksBuildPhase section */
		E13D213C1B4C06D1006D7EEB /* Frameworks */ = {
			isa = PBXFrameworksBuildPhase;
			buildActionMask = 2147483647;
			files = (
				E1BB39A91B545FBC00511D22 /* ImageIO.framework in Frameworks */,
				E13D21851B4CA320006D7EEB /* QuartzCore.framework in Frameworks */,
				E13D21821B4CA320006D7EEB /* CoreMedia.framework in Frameworks */,
				E13D21801B4CA320006D7EEB /* CoreGraphics.framework in Frameworks */,
				E13D21811B4CA320006D7EEB /* CoreImage.framework in Frameworks */,
				E13D21831B4CA320006D7EEB /* CoreVideo.framework in Frameworks */,
				E13D217E1B4CA320006D7EEB /* AssetsLibrary.framework in Frameworks */,
				E182F87A1B577B0F00AC1B93 /* MapKit.framework in Frameworks */,
				E13D217F1B4CA320006D7EEB /* AVFoundation.framework in Frameworks */,
				E13D21861B4CA320006D7EEB /* UIKit.framework in Frameworks */,
				E13D21841B4CA320006D7EEB /* Foundation.framework in Frameworks */,
				E1892B371B5305EC00D7C9DB /* AudioToolbox.framework in Frameworks */,
				E13D217D1B4CA320006D7EEB /* Accelerate.framework in Frameworks */,
				E13D21951B4CBF96006D7EEB /* opencv2.framework in Frameworks */,
				E13D21691B4C07ED006D7EEB /* libstdc++.dylib in Frameworks */,
			);
			runOnlyForDeploymentPostprocessing = 0;
		};
		E13D21551B4C06D1006D7EEB /* Frameworks */ = {
			isa = PBXFrameworksBuildPhase;
			buildActionMask = 2147483647;
			files = (
			);
			runOnlyForDeploymentPostprocessing = 0;
		};
/* End PBXFrameworksBuildPhase section */

/* Begin PBXGroup section */
		E13D21361B4C06D1006D7EEB = {
			isa = PBXGroup;
			children = (
				E13D21971B4CC005006D7EEB /* Frameworks */,
				E13D21411B4C06D1006D7EEB /* eyes2drive */,
				E13D215B1B4C06D1006D7EEB /* eyes2driveTests */,
				E13D21401B4C06D1006D7EEB /* Products */,
			);
			sourceTree = "<group>";
		};
		E13D21401B4C06D1006D7EEB /* Products */ = {
			isa = PBXGroup;
			children = (
				E13D213F1B4C06D1006D7EEB /* eyes2drive.app */,
				E13D21581B4C06D1006D7EEB /* eyes2driveTests.xctest */,
			);
			name = Products;
			sourceTree = "<group>";
		};
		E13D21411B4C06D1006D7EEB /* eyes2drive */ = {
			isa = PBXGroup;
			children = (
				E182F8701B56F55C00AC1B93 /* eyes2drive.entitlements */,
				E1A96EAD1B4F2B84000EFE18 /* OpenCVRecognize */,
				E13D21461B4C06D1006D7EEB /* AppDelegate.h */,
				E13D21471B4C06D1006D7EEB /* AppDelegate.mm */,
				E13D214C1B4C06D1006D7EEB /* Main.storyboard */,
				E1BB39A21B5459E900511D22 /* MainStoryboard_iPhone.storyboard */,
				E13D214F1B4C06D1006D7EEB /* Images.xcassets */,
				E13D21511B4C06D1006D7EEB /* LaunchScreen.xib */,
				E13D21421B4C06D1006D7EEB /* Supporting Files */,
			);
			path = eyes2drive;
			sourceTree = "<group>";
		};
		E13D21421B4C06D1006D7EEB /* Supporting Files */ = {
			isa = PBXGroup;
			children = (
				E13D21431B4C06D1006D7EEB /* Info.plist */,
				E13D21441B4C06D1006D7EEB /* main.mm */,
				E13D216C1B4C0948006D7EEB /* eyes2drive_Prefix.pch */,
				E182F87B1B578A5100AC1B93 /* geographic-coverage-file-Swiss-border.geojson */,
			);
			name = "Supporting Files";
			sourceTree = "<group>";
		};
		E13D215B1B4C06D1006D7EEB /* eyes2driveTests */ = {
			isa = PBXGroup;
			children = (
				E13D215E1B4C06D1006D7EEB /* eyes2driveTests.mm */,
				E13D215C1B4C06D1006D7EEB /* Supporting Files */,
			);
			path = eyes2driveTests;
			sourceTree = "<group>";
		};
		E13D215C1B4C06D1006D7EEB /* Supporting Files */ = {
			isa = PBXGroup;
			children = (
				E13D215D1B4C06D1006D7EEB /* Info.plist */,
			);
			name = "Supporting Files";
			sourceTree = "<group>";
		};
		E13D21971B4CC005006D7EEB /* Frameworks */ = {
			isa = PBXGroup;
			children = (
				E182F8791B577B0F00AC1B93 /* MapKit.framework */,
				E1BB39A81B545FBC00511D22 /* ImageIO.framework */,
				E1892B361B5305EC00D7C9DB /* AudioToolbox.framework */,
				E13D21731B4CA320006D7EEB /* Accelerate.framework */,
				E13D21741B4CA320006D7EEB /* AssetsLibrary.framework */,
				E13D21751B4CA320006D7EEB /* AVFoundation.framework */,
				E13D21761B4CA320006D7EEB /* CoreGraphics.framework */,
				E13D21771B4CA320006D7EEB /* CoreImage.framework */,
				E13D21781B4CA320006D7EEB /* CoreMedia.framework */,
				E13D21791B4CA320006D7EEB /* CoreVideo.framework */,
				E13D217A1B4CA320006D7EEB /* Foundation.framework */,
				E13D217B1B4CA320006D7EEB /* QuartzCore.framework */,
				E13D217C1B4CA320006D7EEB /* UIKit.framework */,
				E13D21681B4C07ED006D7EEB /* libstdc++.dylib */,
				E13D21941B4CBF96006D7EEB /* opencv2.framework */,
			);
			name = Frameworks;
			sourceTree = "<group>";
		};
		E1A96EAD1B4F2B84000EFE18 /* OpenCVRecognize */ = {
			isa = PBXGroup;
			children = (
				E1BB39A71B5459FF00511D22 /* AppleCam */,
				E1CAB39C1B4F4562006F42EA /* haarcascades */,
				E1CAB3991B4F354D006F42EA /* Resources */,
				E13D21491B4C06D1006D7EEB /* ViewController.h */,
				E13D214A1B4C06D1006D7EEB /* ViewController.mm */,
				E1A96EAE1B4F2CA3000EFE18 /* FaceDetectionOpenCV.h */,
				E1A96EAF1B4F2CA3000EFE18 /* FaceDetectionOpenCV.mm */,
				E1892B2E1B505D4D00D7C9DB /* FeatureDetectionTime.h */,
				E1892B2F1B505D4D00D7C9DB /* FeatureDetectionTime.mm */,
			);
			name = OpenCVRecognize;
			sourceTree = "<group>";
		};
		E1BB39A71B5459FF00511D22 /* AppleCam */ = {
			isa = PBXGroup;
			children = (
				E1BB39A41B5459FA00511D22 /* SquareCamViewController.h */,
				E1BB39A51B5459FA00511D22 /* SquareCamViewController.m */,
			);
			name = AppleCam;
			sourceTree = "<group>";
		};
		E1CAB3991B4F354D006F42EA /* Resources */ = {
			isa = PBXGroup;
			children = (
				E1892B421B5320B100D7C9DB /* tap.aif */,
				E1892B3E1B5311B000D7C9DB /* Sound-Dark-Red.mp3 */,
				E1892B3F1B5311B000D7C9DB /* Sound-Orange.mp3 */,
				E1892B3A1B5310EA00D7C9DB /* Sound-Red.mp3 */,
				E1892B3C1B53118300D7C9DB /* Sound-Green.mp3 */,
				E1CAB3951B4F336E006F42EA /* haarcascade_eye_tree_eyeglasses.1.xml */,
				E1CAB3961B4F336E006F42EA /* haarcascade_frontalface_alt.1.xml */,
			);
			name = Resources;
			sourceTree = "<group>";
		};
		E1CAB39C1B4F4562006F42EA /* haarcascades */ = {
			isa = PBXGroup;
			children = (
				E182F8891B57ABF500AC1B93 /* haarcascade_mcs_eyepair_big.xml */,
				E182F88A1B57ABF500AC1B93 /* haarcascade_mcs_eyepair_small.xml */,
				E182F88B1B57ABF500AC1B93 /* haarcascade_mcs_leftear.xml */,
				E182F88C1B57ABF500AC1B93 /* haarcascade_mcs_lefteye.xml */,
				E182F88D1B57ABF500AC1B93 /* haarcascade_mcs_mouth.xml */,
				E182F88E1B57ABF500AC1B93 /* haarcascade_mcs_nose.xml */,
				E182F88F1B57ABF500AC1B93 /* haarcascade_mcs_rightear.xml */,
				E182F8901B57ABF500AC1B93 /* haarcascade_mcs_righteye.xml */,
				E182F8911B57ABF500AC1B93 /* haarcascade_mcs_upperbody.xml */,
				E1CAB3BF1B4F463E006F42EA /* haarcascade_eye_tree_eyeglasses.xml */,
				E1CAB3C01B4F463E006F42EA /* haarcascade_eye.xml */,
				E1CAB3C11B4F463E006F42EA /* haarcascade_frontalcatface_extended.xml */,
				E1CAB3C21B4F463E006F42EA /* haarcascade_frontalcatface.xml */,
				E1CAB3C31B4F463E006F42EA /* haarcascade_frontalface_alt_tree.xml */,
				E1CAB3C41B4F463E006F42EA /* haarcascade_frontalface_alt.xml */,
				E1CAB3C51B4F463E006F42EA /* haarcascade_frontalface_alt2.xml */,
				E1CAB3C61B4F463E006F42EA /* haarcascade_frontalface_default.xml */,
				E1CAB3C71B4F463E006F42EA /* haarcascade_fullbody.xml */,
				E1CAB3C81B4F463E006F42EA /* haarcascade_lefteye_2splits.xml */,
				E1CAB3C91B4F463E006F42EA /* haarcascade_licence_plate_rus_16stages.xml */,
				E1CAB3CA1B4F463E006F42EA /* haarcascade_lowerbody.xml */,
				E1CAB3CB1B4F463E006F42EA /* haarcascade_profileface.xml */,
				E1CAB3CC1B4F463E006F42EA /* haarcascade_righteye_2splits.xml */,
				E1CAB3CD1B4F463E006F42EA /* haarcascade_russian_plate_number.xml */,
				E1CAB3CE1B4F463E006F42EA /* haarcascade_smile.xml */,
				E1CAB3CF1B4F463E006F42EA /* haarcascade_upperbody.xml */,
			);
			name = haarcascades;
			sourceTree = "<group>";
		};
/* End PBXGroup section */

/* Begin PBXNativeTarget section */
		E13D213E1B4C06D1006D7EEB /* eyes2drive */ = {
			isa = PBXNativeTarget;
			buildConfigurationList = E13D21621B4C06D1006D7EEB /* Build configuration list for PBXNativeTarget "eyes2drive" */;
			buildPhases = (
				E13D213B1B4C06D1006D7EEB /* Sources */,
				E13D213C1B4C06D1006D7EEB /* Frameworks */,
				E13D213D1B4C06D1006D7EEB /* Resources */,
				E13D21B91B4CDDEB006D7EEB /* Embed App Extensions */,
			);
			buildRules = (
			);
			dependencies = (
			);
			name = eyes2drive;
			productName = eyes2drive;
			productReference = E13D213F1B4C06D1006D7EEB /* eyes2drive.app */;
			productType = "com.apple.product-type.application";
		};
		E13D21571B4C06D1006D7EEB /* eyes2driveTests */ = {
			isa = PBXNativeTarget;
			buildConfigurationList = E13D21651B4C06D1006D7EEB /* Build configuration list for PBXNativeTarget "eyes2driveTests" */;
			buildPhases = (
				E13D21541B4C06D1006D7EEB /* Sources */,
				E13D21551B4C06D1006D7EEB /* Frameworks */,
				E13D21561B4C06D1006D7EEB /* Resources */,
			);
			buildRules = (
			);
			dependencies = (
				E13D215A1B4C06D1006D7EEB /* PBXTargetDependency */,
			);
			name = eyes2driveTests;
			productName = eyes2driveTests;
			productReference = E13D21581B4C06D1006D7EEB /* eyes2driveTests.xctest */;
			productType = "com.apple.product-type.bundle.unit-test";
		};
/* End PBXNativeTarget section */

/* Begin PBXProject section */
		E13D21371B4C06D1006D7EEB /* Project object */ = {
			isa = PBXProject;
			attributes = {
				LastUpgradeCheck = 0640;
				ORGANIZATIONNAME = Focusdays2015;
				TargetAttributes = {
					E13D213E1B4C06D1006D7EEB = {
						CreatedOnToolsVersion = 6.4;
						DevelopmentTeam = W3U24WE3R3;
						SystemCapabilities = {
							com.apple.ApplicationGroups.iOS = {
								enabled = 1;
							};
							com.apple.BackgroundModes = {
								enabled = 1;
							};
							com.apple.DataProtection = {
								enabled = 1;
							};
							com.apple.GameCenter = {
								enabled = 0;
							};
							com.apple.InAppPurchase = {
								enabled = 0;
							};
							com.apple.Maps.iOS = {
								enabled = 1;
							};
						};
					};
					E13D21571B4C06D1006D7EEB = {
						CreatedOnToolsVersion = 6.4;
						TestTargetID = E13D213E1B4C06D1006D7EEB;
					};
				};
			};
			buildConfigurationList = E13D213A1B4C06D1006D7EEB /* Build configuration list for PBXProject "eyes2drive" */;
			compatibilityVersion = "Xcode 3.2";
			developmentRegion = English;
			hasScannedForEncodings = 0;
			knownRegions = (
				en,
				Base,
			);
			mainGroup = E13D21361B4C06D1006D7EEB;
			productRefGroup = E13D21401B4C06D1006D7EEB /* Products */;
			projectDirPath = "";
			projectRoot = "";
			targets = (
				E13D213E1B4C06D1006D7EEB /* eyes2drive */,
				E13D21571B4C06D1006D7EEB /* eyes2driveTests */,
			);
		};
/* End PBXProject section */

/* Begin PBXResourcesBuildPhase section */
		E13D213D1B4C06D1006D7EEB /* Resources */ = {
			isa = PBXResourcesBuildPhase;
			buildActionMask = 2147483647;
			files = (
				E1892B431B5320CA00D7C9DB /* tap.aif in Resources */,
				E1CAB3DB1B4F463E006F42EA /* haarcascade_lowerbody.xml in Resources */,
				E1CAB3DD1B4F463E006F42EA /* haarcascade_righteye_2splits.xml in Resources */,
				E1892B411B5311B000D7C9DB /* Sound-Orange.mp3 in Resources */,
				E1CAB3D31B4F463E006F42EA /* haarcascade_frontalcatface.xml in Resources */,
				E1CAB3981B4F336E006F42EA /* haarcascade_frontalface_alt.1.xml in Resources */,
				E1CAB3DE1B4F463E006F42EA /* haarcascade_russian_plate_number.xml in Resources */,
				E1CAB3D71B4F463E006F42EA /* haarcascade_frontalface_default.xml in Resources */,
				E182F8951B57ABF500AC1B93 /* haarcascade_mcs_lefteye.xml in Resources */,
				E13D214E1B4C06D1006D7EEB /* Main.storyboard in Resources */,
				E182F8961B57ABF500AC1B93 /* haarcascade_mcs_mouth.xml in Resources */,
				E182F8921B57ABF500AC1B93 /* haarcascade_mcs_eyepair_big.xml in Resources */,
				E182F8971B57ABF500AC1B93 /* haarcascade_mcs_nose.xml in Resources */,
				E1CAB3D51B4F463E006F42EA /* haarcascade_frontalface_alt.xml in Resources */,
				E1BB39A31B5459E900511D22 /* MainStoryboard_iPhone.storyboard in Resources */,
				E1CAB3DF1B4F463E006F42EA /* haarcascade_smile.xml in Resources */,
				E1CAB3D21B4F463E006F42EA /* haarcascade_frontalcatface_extended.xml in Resources */,
				E182F89A1B57ABF500AC1B93 /* haarcascade_mcs_upperbody.xml in Resources */,
				E182F8991B57ABF500AC1B93 /* haarcascade_mcs_righteye.xml in Resources */,
				E1892B3D1B53118300D7C9DB /* Sound-Green.mp3 in Resources */,
				E182F8981B57ABF500AC1B93 /* haarcascade_mcs_rightear.xml in Resources */,
				E1CAB3DA1B4F463E006F42EA /* haarcascade_licence_plate_rus_16stages.xml in Resources */,
				E182F8931B57ABF500AC1B93 /* haarcascade_mcs_eyepair_small.xml in Resources */,
				E1892B3B1B5310EA00D7C9DB /* Sound-Red.mp3 in Resources */,
				E1CAB3E01B4F463E006F42EA /* haarcascade_upperbody.xml in Resources */,
				E13D21531B4C06D1006D7EEB /* LaunchScreen.xib in Resources */,
				E1CAB3D61B4F463E006F42EA /* haarcascade_frontalface_alt2.xml in Resources */,
				E13D21501B4C06D1006D7EEB /* Images.xcassets in Resources */,
				E1CAB3D91B4F463E006F42EA /* haarcascade_lefteye_2splits.xml in Resources */,
				E1CAB3D11B4F463E006F42EA /* haarcascade_eye.xml in Resources */,
				E1CAB3DC1B4F463E006F42EA /* haarcascade_profileface.xml in Resources */,
				E1CAB3971B4F336E006F42EA /* haarcascade_eye_tree_eyeglasses.1.xml in Resources */,
				E1892B401B5311B000D7C9DB /* Sound-Dark-Red.mp3 in Resources */,
				E1CAB3D41B4F463E006F42EA /* haarcascade_frontalface_alt_tree.xml in Resources */,
				E1CAB3D01B4F463E006F42EA /* haarcascade_eye_tree_eyeglasses.xml in Resources */,
				E1CAB3D81B4F463E006F42EA /* haarcascade_fullbody.xml in Resources */,
				E182F8941B57ABF500AC1B93 /* haarcascade_mcs_leftear.xml in Resources */,
				E182F87C1B578A5100AC1B93 /* geographic-coverage-file-Swiss-border.geojson in Resources */,
			);
			runOnlyForDeploymentPostprocessing = 0;
		};
		E13D21561B4C06D1006D7EEB /* Resources */ = {
			isa = PBXResourcesBuildPhase;
			buildActionMask = 2147483647;
			files = (
			);
			runOnlyForDeploymentPostprocessing = 0;
		};
/* End PBXResourcesBuildPhase section */

/* Begin PBXSourcesBuildPhase section */
		E13D213B1B4C06D1006D7EEB /* Sources */ = {
			isa = PBXSourcesBuildPhase;
			buildActionMask = 2147483647;
			files = (
				E13D214B1B4C06D1006D7EEB /* ViewController.mm in Sources */,
				E1BB39A61B5459FA00511D22 /* SquareCamViewController.m in Sources */,
				E13D21481B4C06D1006D7EEB /* AppDelegate.mm in Sources */,
				E13D21451B4C06D1006D7EEB /* main.mm in Sources */,
				E1A96EB01B4F2CA3000EFE18 /* FaceDetectionOpenCV.mm in Sources */,
				E1892B301B505D4D00D7C9DB /* FeatureDetectionTime.mm in Sources */,
			);
			runOnlyForDeploymentPostprocessing = 0;
		};
		E13D21541B4C06D1006D7EEB /* Sources */ = {
			isa = PBXSourcesBuildPhase;
			buildActionMask = 2147483647;
			files = (
				E13D215F1B4C06D1006D7EEB /* eyes2driveTests.mm in Sources */,
			);
			runOnlyForDeploymentPostprocessing = 0;
		};
/* End PBXSourcesBuildPhase section */

/* Begin PBXTargetDependency section */
		E13D215A1B4C06D1006D7EEB /* PBXTargetDependency */ = {
			isa = PBXTargetDependency;
			target = E13D213E1B4C06D1006D7EEB /* eyes2drive */;
			targetProxy = E13D21591B4C06D1006D7EEB /* PBXContainerItemProxy */;
		};
/* End PBXTargetDependency section */

/* Begin PBXVariantGroup section */
		E13D214C1B4C06D1006D7EEB /* Main.storyboard */ = {
			isa = PBXVariantGroup;
			children = (
				E13D214D1B4C06D1006D7EEB /* Base */,
			);
			name = Main.storyboard;
			sourceTree = "<group>";
		};
		E13D21511B4C06D1006D7EEB /* LaunchScreen.xib */ = {
			isa = PBXVariantGroup;
			children = (
				E13D21521B4C06D1006D7EEB /* Base */,
			);
			name = LaunchScreen.xib;
			sourceTree = "<group>";
		};
/* End PBXVariantGroup section */

/* Begin XCBuildConfiguration section */
		E13D21601B4C06D1006D7EEB /* Debug */ = {
			isa = XCBuildConfiguration;
			buildSettings = {
				ALWAYS_SEARCH_USER_PATHS = NO;
				CLANG_CXX_LANGUAGE_STANDARD = "gnu++0x";
				CLANG_CXX_LIBRARY = "libc++";
				CLANG_ENABLE_MODULES = YES;
				CLANG_ENABLE_OBJC_ARC = YES;
				CLANG_WARN_BOOL_CONVERSION = YES;
				CLANG_WARN_CONSTANT_CONVERSION = YES;
				CLANG_WARN_DIRECT_OBJC_ISA_USAGE = YES_ERROR;
				CLANG_WARN_EMPTY_BODY = YES;
				CLANG_WARN_ENUM_CONVERSION = YES;
				CLANG_WARN_INT_CONVERSION = YES;
				CLANG_WARN_OBJC_ROOT_CLASS = YES_ERROR;
				CLANG_WARN_UNREACHABLE_CODE = YES;
				CLANG_WARN__DUPLICATE_METHOD_MATCH = YES;
				CODE_SIGN_IDENTITY = "iPhone Distribution: Lorenz Hanggi (W3U24WE3R3)";
				"CODE_SIGN_IDENTITY[sdk=iphoneos*]" = "iPhone Distribution: Lorenz Hanggi (W3U24WE3R3)";
				COPY_PHASE_STRIP = NO;
				DEBUG_INFORMATION_FORMAT = "dwarf-with-dsym";
				ENABLE_STRICT_OBJC_MSGSEND = YES;
				GCC_C_LANGUAGE_STANDARD = gnu99;
				GCC_DYNAMIC_NO_PIC = NO;
				GCC_NO_COMMON_BLOCKS = YES;
				GCC_OPTIMIZATION_LEVEL = 0;
				GCC_PREPROCESSOR_DEFINITIONS = (
					"DEBUG=1",
					"$(inherited)",
				);
				GCC_SYMBOLS_PRIVATE_EXTERN = NO;
				GCC_WARN_64_TO_32_BIT_CONVERSION = YES;
				GCC_WARN_ABOUT_RETURN_TYPE = YES_ERROR;
				GCC_WARN_UNDECLARED_SELECTOR = YES;
				GCC_WARN_UNINITIALIZED_AUTOS = YES_AGGRESSIVE;
				GCC_WARN_UNUSED_FUNCTION = YES;
				GCC_WARN_UNUSED_VARIABLE = YES;
				IPHONEOS_DEPLOYMENT_TARGET = 8.4;
				MTL_ENABLE_DEBUG_INFO = YES;
				ONLY_ACTIVE_ARCH = YES;
				SDKROOT = iphoneos;
			};
			name = Debug;
		};
		E13D21611B4C06D1006D7EEB /* Release */ = {
			isa = XCBuildConfiguration;
			buildSettings = {
				ALWAYS_SEARCH_USER_PATHS = NO;
				CLANG_CXX_LANGUAGE_STANDARD = "gnu++0x";
				CLANG_CXX_LIBRARY = "libc++";
				CLANG_ENABLE_MODULES = YES;
				CLANG_ENABLE_OBJC_ARC = YES;
				CLANG_WARN_BOOL_CONVERSION = YES;
				CLANG_WARN_CONSTANT_CONVERSION = YES;
				CLANG_WARN_DIRECT_OBJC_ISA_USAGE = YES_ERROR;
				CLANG_WARN_EMPTY_BODY = YES;
				CLANG_WARN_ENUM_CONVERSION = YES;
				CLANG_WARN_INT_CONVERSION = YES;
				CLANG_WARN_OBJC_ROOT_CLASS = YES_ERROR;
				CLANG_WARN_UNREACHABLE_CODE = YES;
				CLANG_WARN__DUPLICATE_METHOD_MATCH = YES;
				CODE_SIGN_IDENTITY = "iPhone Distribution: Lorenz Hanggi (W3U24WE3R3)";
				"CODE_SIGN_IDENTITY[sdk=iphoneos*]" = "iPhone Developer: Lorenz Hanggi (S9NABF596K)";
				COPY_PHASE_STRIP = NO;
				DEBUG_INFORMATION_FORMAT = "dwarf-with-dsym";
				ENABLE_NS_ASSERTIONS = NO;
				ENABLE_STRICT_OBJC_MSGSEND = YES;
				GCC_C_LANGUAGE_STANDARD = gnu99;
				GCC_NO_COMMON_BLOCKS = YES;
				GCC_WARN_64_TO_32_BIT_CONVERSION = YES;
				GCC_WARN_ABOUT_RETURN_TYPE = YES_ERROR;
				GCC_WARN_UNDECLARED_SELECTOR = YES;
				GCC_WARN_UNINITIALIZED_AUTOS = YES_AGGRESSIVE;
				GCC_WARN_UNUSED_FUNCTION = YES;
				GCC_WARN_UNUSED_VARIABLE = YES;
				IPHONEOS_DEPLOYMENT_TARGET = 8.4;
				MTL_ENABLE_DEBUG_INFO = NO;
				SDKROOT = iphoneos;
				VALIDATE_PRODUCT = YES;
			};
			name = Release;
		};
		E13D21631B4C06D1006D7EEB /* Debug */ = {
			isa = XCBuildConfiguration;
			buildSettings = {
				ASSETCATALOG_COMPILER_APPICON_NAME = AppIcon;
				ASSETCATALOG_COMPILER_LAUNCHIMAGE_NAME = LaunchImage;
				CODE_SIGN_ENTITLEMENTS = eyes2drive/eyes2drive.entitlements;
				CODE_SIGN_IDENTITY = "iPhone Developer";
				"CODE_SIGN_IDENTITY[sdk=iphoneos*]" = "iPhone Developer";
				FRAMEWORK_SEARCH_PATHS = (
					"$(inherited)",
					"$(PROJECT_DIR)/eyes2drive",
					"$(PROJECT_DIR)/..",
				);
				INFOPLIST_FILE = eyes2drive/Info.plist;
				IPHONEOS_DEPLOYMENT_TARGET = 8.4;
				LD_RUNPATH_SEARCH_PATHS = "$(inherited) @executable_path/Frameworks";
				LIBRARY_SEARCH_PATHS = (
					"$(inherited)",
					"$(PROJECT_DIR)/eyes2drive",
				);
				ONLY_ACTIVE_ARCH = NO;
				PRODUCT_NAME = "$(TARGET_NAME)";
				PROVISIONING_PROFILE = "";
				VALID_ARCHS = "armv7 armv7s arm64";
			};
			name = Debug;
		};
		E13D21641B4C06D1006D7EEB /* Release */ = {
			isa = XCBuildConfiguration;
			buildSettings = {
				ASSETCATALOG_COMPILER_APPICON_NAME = AppIcon;
				ASSETCATALOG_COMPILER_LAUNCHIMAGE_NAME = LaunchImage;
				CODE_SIGN_ENTITLEMENTS = eyes2drive/eyes2drive.entitlements;
				CODE_SIGN_IDENTITY = "iPhone Developer";
				"CODE_SIGN_IDENTITY[sdk=iphoneos*]" = "iPhone Developer";
				FRAMEWORK_SEARCH_PATHS = (
					"$(inherited)",
					"$(PROJECT_DIR)/eyes2drive",
					"$(PROJECT_DIR)/..",
				);
				INFOPLIST_FILE = eyes2drive/Info.plist;
				IPHONEOS_DEPLOYMENT_TARGET = 8.4;
				LD_RUNPATH_SEARCH_PATHS = "$(inherited) @executable_path/Frameworks";
				LIBRARY_SEARCH_PATHS = (
					"$(inherited)",
					"$(PROJECT_DIR)/eyes2drive",
				);
				ONLY_ACTIVE_ARCH = NO;
				PRODUCT_NAME = "$(TARGET_NAME)";
				PROVISIONING_PROFILE = "";
				VALID_ARCHS = "armv7 armv7s arm64";
			};
			name = Release;
		};
		E13D21661B4C06D1006D7EEB /* Debug */ = {
			isa = XCBuildConfiguration;
			buildSettings = {
				BUNDLE_LOADER = "$(TEST_HOST)";
				FRAMEWORK_SEARCH_PATHS = (
					"$(SDKROOT)/Developer/Library/Frameworks",
					"$(inherited)",
				);
				GCC_PREPROCESSOR_DEFINITIONS = (
					"DEBUG=1",
					"$(inherited)",
				);
				INFOPLIST_FILE = eyes2driveTests/Info.plist;
				LD_RUNPATH_SEARCH_PATHS = "$(inherited) @executable_path/Frameworks @loader_path/Frameworks";
				PRODUCT_NAME = "$(TARGET_NAME)";
				TEST_HOST = "$(BUILT_PRODUCTS_DIR)/eyes2drive.app/eyes2drive";
			};
			name = Debug;
		};
		E13D21671B4C06D1006D7EEB /* Release */ = {
			isa = XCBuildConfiguration;
			buildSettings = {
				BUNDLE_LOADER = "$(TEST_HOST)";
				FRAMEWORK_SEARCH_PATHS = (
					"$(SDKROOT)/Developer/Library/Frameworks",
					"$(inherited)",
				);
				INFOPLIST_FILE = eyes2driveTests/Info.plist;
				LD_RUNPATH_SEARCH_PATHS = "$(inherited) @executable_path/Frameworks @loader_path/Frameworks";
				PRODUCT_NAME = "$(TARGET_NAME)";
				TEST_HOST = "$(BUILT_PRODUCTS_DIR)/eyes2drive.app/eyes2drive";
			};
			name = Release;
		};
/* End XCBuildConfiguration section */

/* Begin XCConfigurationList section */
		E13D213A1B4C06D1006D7EEB /* Build configuration list for PBXProject "eyes2drive" */ = {
			isa = XCConfigurationList;
			buildConfigurations = (
				E13D21601B4C06D1006D7EEB /* Debug */,
				E13D21611B4C06D1006D7EEB /* Release */,
			);
			defaultConfigurationIsVisible = 0;
			defaultConfigurationName = Release;
		};
		E13D21621B4C06D1006D7EEB /* Build configuration list for PBXNativeTarget "eyes2drive" */ = {
			isa = XCConfigurationList;
			buildConfigurations = (
				E13D21631B4C06D1006D7EEB /* Debug */,
				E13D21641B4C06D1006D7EEB /* Release */,
			);
			defaultConfigurationIsVisible = 0;
			defaultConfigurationName = Release;
		};
		E13D21651B4C06D1006D7EEB /* Build configuration list for PBXNativeTarget "eyes2driveTests" */ = {
			isa = XCConfigurationList;
			buildConfigurations = (
				E13D21661B4C06D1006D7EEB /* Debug */,
				E13D21671B4C06D1006D7EEB /* Release */,
			);
			defaultConfigurationIsVisible = 0;
			defaultConfigurationName = Release;
		};
/* End XCConfigurationList section */
	};
	rootObject = E13D21371B4C06D1006D7EEB /* Project object */;
}
